// !$*UTF8*$!
{
	archiveVersion = 1;
	classes = {
	};
	objectVersion = 46;
	objects = {

/* Begin PBXBuildFile section */
		8748E60D1C91A042006CA54A /* OverViewController.swift in Sources */ = {isa = PBXBuildFile; fileRef = 8748E60C1C91A042006CA54A /* OverViewController.swift */; };
		8748E60F1C91B64B006CA54A /* MainSplitViewController.swift in Sources */ = {isa = PBXBuildFile; fileRef = 8748E60E1C91B64B006CA54A /* MainSplitViewController.swift */; };
		8796EC951C9FCD55005C84DA /* EditTeamViewController.swift in Sources */ = {isa = PBXBuildFile; fileRef = 8796EC941C9FCD55005C84DA /* EditTeamViewController.swift */; };
		879B1F231C9934E600B4671B /* EventsOverviewTableViewController.swift in Sources */ = {isa = PBXBuildFile; fileRef = 879B1F221C9934E600B4671B /* EventsOverviewTableViewController.swift */; };
		87B4D80D1C96920D0062BE7B /* OverViewTableViewCell.swift in Sources */ = {isa = PBXBuildFile; fileRef = 87B4D80C1C96920D0062BE7B /* OverViewTableViewCell.swift */; };
		87DC48491CAD9C8A00894051 /* EditPersonViewController.swift in Sources */ = {isa = PBXBuildFile; fileRef = 87DC48481CAD9C8A00894051 /* EditPersonViewController.swift */; };
		87E2F5461C906020003F5D1F /* AppDelegate.swift in Sources */ = {isa = PBXBuildFile; fileRef = 87E2F5451C906020003F5D1F /* AppDelegate.swift */; };
		87E2F5491C906021003F5D1F /* HappyDay.xcdatamodeld in Sources */ = {isa = PBXBuildFile; fileRef = 87E2F5471C906021003F5D1F /* HappyDay.xcdatamodeld */; };
		87E2F54B1C906021003F5D1F /* TeamViewController.swift in Sources */ = {isa = PBXBuildFile; fileRef = 87E2F54A1C906021003F5D1F /* TeamViewController.swift */; };
		87E2F54D1C906021003F5D1F /* EventViewController.swift in Sources */ = {isa = PBXBuildFile; fileRef = 87E2F54C1C906021003F5D1F /* EventViewController.swift */; };
		87E2F5501C906021003F5D1F /* Main.storyboard in Resources */ = {isa = PBXBuildFile; fileRef = 87E2F54E1C906021003F5D1F /* Main.storyboard */; };
		87E2F5551C906021003F5D1F /* LaunchScreen.storyboard in Resources */ = {isa = PBXBuildFile; fileRef = 87E2F5531C906021003F5D1F /* LaunchScreen.storyboard */; };
		87E2F5601C906021003F5D1F /* HappyDayTests.swift in Sources */ = {isa = PBXBuildFile; fileRef = 87E2F55F1C906021003F5D1F /* HappyDayTests.swift */; };
		87E2F56B1C906021003F5D1F /* HappyDayUITests.swift in Sources */ = {isa = PBXBuildFile; fileRef = 87E2F56A1C906021003F5D1F /* HappyDayUITests.swift */; };
		87E2F5791C908B54003F5D1F /* TeamTableViewCell.swift in Sources */ = {isa = PBXBuildFile; fileRef = 87E2F5781C908B54003F5D1F /* TeamTableViewCell.swift */; };
		87E2F57B1C9094C9003F5D1F /* Assets.xcassets in Resources */ = {isa = PBXBuildFile; fileRef = 87E2F57A1C9094C9003F5D1F /* Assets.xcassets */; };
		87E2F57F1C90A4A3003F5D1F /* NewTeamViewController.swift in Sources */ = {isa = PBXBuildFile; fileRef = 87E2F57E1C90A4A3003F5D1F /* NewTeamViewController.swift */; };
		87E2F5811C90C348003F5D1F /* PersonsTableViewController.swift in Sources */ = {isa = PBXBuildFile; fileRef = 87E2F5801C90C348003F5D1F /* PersonsTableViewController.swift */; };
		87E2F5831C90C53F003F5D1F /* PersonTableViewCell.swift in Sources */ = {isa = PBXBuildFile; fileRef = 87E2F5821C90C53F003F5D1F /* PersonTableViewCell.swift */; };
		87E2F5851C90CBD6003F5D1F /* NewPersonViewController.swift in Sources */ = {isa = PBXBuildFile; fileRef = 87E2F5841C90CBD6003F5D1F /* NewPersonViewController.swift */; };
		87E2F58C1C90DE10003F5D1F /* Person+CoreDataProperties.swift in Sources */ = {isa = PBXBuildFile; fileRef = 87E2F5861C90DE10003F5D1F /* Person+CoreDataProperties.swift */; };
		87E2F58D1C90DE10003F5D1F /* Person.swift in Sources */ = {isa = PBXBuildFile; fileRef = 87E2F5871C90DE10003F5D1F /* Person.swift */; };
		87E2F58E1C90DE10003F5D1F /* Team+CoreDataProperties.swift in Sources */ = {isa = PBXBuildFile; fileRef = 87E2F5881C90DE10003F5D1F /* Team+CoreDataProperties.swift */; };
		87E2F58F1C90DE10003F5D1F /* Team.swift in Sources */ = {isa = PBXBuildFile; fileRef = 87E2F5891C90DE10003F5D1F /* Team.swift */; };
		87E2F5901C90DE10003F5D1F /* Event+CoreDataProperties.swift in Sources */ = {isa = PBXBuildFile; fileRef = 87E2F58A1C90DE10003F5D1F /* Event+CoreDataProperties.swift */; };
		87E2F5911C90DE10003F5D1F /* Event.swift in Sources */ = {isa = PBXBuildFile; fileRef = 87E2F58B1C90DE10003F5D1F /* Event.swift */; };
		87F62C171CDB9D0C004152B5 /* TeamCollectionViewCell.swift in Sources */ = {isa = PBXBuildFile; fileRef = 87F62C161CDB9D0C004152B5 /* TeamCollectionViewCell.swift */; };
		87F62C191CDB9E08004152B5 /* TeamsCollectionViewController.swift in Sources */ = {isa = PBXBuildFile; fileRef = 87F62C181CDB9E08004152B5 /* TeamsCollectionViewController.swift */; };
		F628C2396FAF1F30E72B396D /* Pods.framework in Frameworks */ = {isa = PBXBuildFile; fileRef = 97FA3F9C7E41FF595D2268F0 /* Pods.framework */; };
/* End PBXBuildFile section */

/* Begin PBXContainerItemProxy section */
		87E2F55C1C906021003F5D1F /* PBXContainerItemProxy */ = {
			isa = PBXContainerItemProxy;
			containerPortal = 87E2F53A1C906020003F5D1F /* Project object */;
			proxyType = 1;
			remoteGlobalIDString = 87E2F5411C906020003F5D1F;
			remoteInfo = HappyDay;
		};
		87E2F5671C906021003F5D1F /* PBXContainerItemProxy */ = {
			isa = PBXContainerItemProxy;
			containerPortal = 87E2F53A1C906020003F5D1F /* Project object */;
			proxyType = 1;
			remoteGlobalIDString = 87E2F5411C906020003F5D1F;
			remoteInfo = HappyDay;
		};
/* End PBXContainerItemProxy section */

/* Begin PBXFileReference section */
		0A2540E49B14449007554396 /* Pods.release.xcconfig */ = {isa = PBXFileReference; includeInIndex = 1; lastKnownFileType = text.xcconfig; name = Pods.release.xcconfig; path = "Pods/Target Support Files/Pods/Pods.release.xcconfig"; sourceTree = "<group>"; };
		1D9F7D0C5ED12D4849298E36 /* Pods.debug.xcconfig */ = {isa = PBXFileReference; includeInIndex = 1; lastKnownFileType = text.xcconfig; name = Pods.debug.xcconfig; path = "Pods/Target Support Files/Pods/Pods.debug.xcconfig"; sourceTree = "<group>"; };
		8748E60C1C91A042006CA54A /* OverViewController.swift */ = {isa = PBXFileReference; fileEncoding = 4; lastKnownFileType = sourcecode.swift; path = OverViewController.swift; sourceTree = "<group>"; };
		8748E60E1C91B64B006CA54A /* MainSplitViewController.swift */ = {isa = PBXFileReference; fileEncoding = 4; lastKnownFileType = sourcecode.swift; path = MainSplitViewController.swift; sourceTree = "<group>"; };
		8796EC941C9FCD55005C84DA /* EditTeamViewController.swift */ = {isa = PBXFileReference; fileEncoding = 4; lastKnownFileType = sourcecode.swift; path = EditTeamViewController.swift; sourceTree = "<group>"; };
		879B1F221C9934E600B4671B /* EventsOverviewTableViewController.swift */ = {isa = PBXFileReference; fileEncoding = 4; lastKnownFileType = sourcecode.swift; path = EventsOverviewTableViewController.swift; sourceTree = "<group>"; };
		87B4D80C1C96920D0062BE7B /* OverViewTableViewCell.swift */ = {isa = PBXFileReference; fileEncoding = 4; lastKnownFileType = sourcecode.swift; path = OverViewTableViewCell.swift; sourceTree = "<group>"; };
		87CCF0771C9B0A8800A04DBD /* HappyDay.entitlements */ = {isa = PBXFileReference; lastKnownFileType = text.xml; path = HappyDay.entitlements; sourceTree = "<group>"; };
		87DC48481CAD9C8A00894051 /* EditPersonViewController.swift */ = {isa = PBXFileReference; fileEncoding = 4; lastKnownFileType = sourcecode.swift; path = EditPersonViewController.swift; sourceTree = "<group>"; };
		87E2F5421C906020003F5D1F /* HappyDay.app */ = {isa = PBXFileReference; explicitFileType = wrapper.application; includeInIndex = 0; path = HappyDay.app; sourceTree = BUILT_PRODUCTS_DIR; };
		87E2F5451C906020003F5D1F /* AppDelegate.swift */ = {isa = PBXFileReference; lastKnownFileType = sourcecode.swift; path = AppDelegate.swift; sourceTree = "<group>"; };
		87E2F5481C906021003F5D1F /* HappyDay.xcdatamodel */ = {isa = PBXFileReference; lastKnownFileType = wrapper.xcdatamodel; path = HappyDay.xcdatamodel; sourceTree = "<group>"; };
		87E2F54A1C906021003F5D1F /* TeamViewController.swift */ = {isa = PBXFileReference; lastKnownFileType = sourcecode.swift; path = TeamViewController.swift; sourceTree = "<group>"; };
		87E2F54C1C906021003F5D1F /* EventViewController.swift */ = {isa = PBXFileReference; lastKnownFileType = sourcecode.swift; path = EventViewController.swift; sourceTree = "<group>"; };
		87E2F54F1C906021003F5D1F /* Base */ = {isa = PBXFileReference; lastKnownFileType = file.storyboard; name = Base; path = Base.lproj/Main.storyboard; sourceTree = "<group>"; };
		87E2F5541C906021003F5D1F /* Base */ = {isa = PBXFileReference; lastKnownFileType = file.storyboard; name = Base; path = Base.lproj/LaunchScreen.storyboard; sourceTree = "<group>"; };
		87E2F5561C906021003F5D1F /* Info.plist */ = {isa = PBXFileReference; lastKnownFileType = text.plist.xml; path = Info.plist; sourceTree = "<group>"; };
		87E2F55B1C906021003F5D1F /* HappyDayTests.xctest */ = {isa = PBXFileReference; explicitFileType = wrapper.cfbundle; includeInIndex = 0; path = HappyDayTests.xctest; sourceTree = BUILT_PRODUCTS_DIR; };
		87E2F55F1C906021003F5D1F /* HappyDayTests.swift */ = {isa = PBXFileReference; lastKnownFileType = sourcecode.swift; path = HappyDayTests.swift; sourceTree = "<group>"; };
		87E2F5611C906021003F5D1F /* Info.plist */ = {isa = PBXFileReference; lastKnownFileType = text.plist.xml; path = Info.plist; sourceTree = "<group>"; };
		87E2F5661C906021003F5D1F /* HappyDayUITests.xctest */ = {isa = PBXFileReference; explicitFileType = wrapper.cfbundle; includeInIndex = 0; path = HappyDayUITests.xctest; sourceTree = BUILT_PRODUCTS_DIR; };
		87E2F56A1C906021003F5D1F /* HappyDayUITests.swift */ = {isa = PBXFileReference; lastKnownFileType = sourcecode.swift; path = HappyDayUITests.swift; sourceTree = "<group>"; };
		87E2F56C1C906021003F5D1F /* Info.plist */ = {isa = PBXFileReference; lastKnownFileType = text.plist.xml; path = Info.plist; sourceTree = "<group>"; };
		87E2F5781C908B54003F5D1F /* TeamTableViewCell.swift */ = {isa = PBXFileReference; fileEncoding = 4; lastKnownFileType = sourcecode.swift; path = TeamTableViewCell.swift; sourceTree = "<group>"; };
		87E2F57A1C9094C9003F5D1F /* Assets.xcassets */ = {isa = PBXFileReference; lastKnownFileType = folder.assetcatalog; path = Assets.xcassets; sourceTree = "<group>"; };
		87E2F57E1C90A4A3003F5D1F /* NewTeamViewController.swift */ = {isa = PBXFileReference; fileEncoding = 4; lastKnownFileType = sourcecode.swift; path = NewTeamViewController.swift; sourceTree = "<group>"; };
		87E2F5801C90C348003F5D1F /* PersonsTableViewController.swift */ = {isa = PBXFileReference; fileEncoding = 4; lastKnownFileType = sourcecode.swift; path = PersonsTableViewController.swift; sourceTree = "<group>"; };
		87E2F5821C90C53F003F5D1F /* PersonTableViewCell.swift */ = {isa = PBXFileReference; fileEncoding = 4; lastKnownFileType = sourcecode.swift; path = PersonTableViewCell.swift; sourceTree = "<group>"; };
		87E2F5841C90CBD6003F5D1F /* NewPersonViewController.swift */ = {isa = PBXFileReference; fileEncoding = 4; lastKnownFileType = sourcecode.swift; path = NewPersonViewController.swift; sourceTree = "<group>"; };
		87E2F5861C90DE10003F5D1F /* Person+CoreDataProperties.swift */ = {isa = PBXFileReference; fileEncoding = 4; lastKnownFileType = sourcecode.swift; path = "Person+CoreDataProperties.swift"; sourceTree = "<group>"; };
		87E2F5871C90DE10003F5D1F /* Person.swift */ = {isa = PBXFileReference; fileEncoding = 4; lastKnownFileType = sourcecode.swift; path = Person.swift; sourceTree = "<group>"; };
		87E2F5881C90DE10003F5D1F /* Team+CoreDataProperties.swift */ = {isa = PBXFileReference; fileEncoding = 4; lastKnownFileType = sourcecode.swift; path = "Team+CoreDataProperties.swift"; sourceTree = "<group>"; };
		87E2F5891C90DE10003F5D1F /* Team.swift */ = {isa = PBXFileReference; fileEncoding = 4; lastKnownFileType = sourcecode.swift; path = Team.swift; sourceTree = "<group>"; };
		87E2F58A1C90DE10003F5D1F /* Event+CoreDataProperties.swift */ = {isa = PBXFileReference; fileEncoding = 4; lastKnownFileType = sourcecode.swift; path = "Event+CoreDataProperties.swift"; sourceTree = "<group>"; };
		87E2F58B1C90DE10003F5D1F /* Event.swift */ = {isa = PBXFileReference; fileEncoding = 4; lastKnownFileType = sourcecode.swift; path = Event.swift; sourceTree = "<group>"; };
		87F62C161CDB9D0C004152B5 /* TeamCollectionViewCell.swift */ = {isa = PBXFileReference; fileEncoding = 4; lastKnownFileType = sourcecode.swift; path = TeamCollectionViewCell.swift; sourceTree = "<group>"; };
		87F62C181CDB9E08004152B5 /* TeamsCollectionViewController.swift */ = {isa = PBXFileReference; fileEncoding = 4; lastKnownFileType = sourcecode.swift; path = TeamsCollectionViewController.swift; sourceTree = "<group>"; };
		97FA3F9C7E41FF595D2268F0 /* Pods.framework */ = {isa = PBXFileReference; explicitFileType = wrapper.framework; includeInIndex = 0; path = Pods.framework; sourceTree = BUILT_PRODUCTS_DIR; };
/* End PBXFileReference section */

/* Begin PBXFrameworksBuildPhase section */
		87E2F53F1C906020003F5D1F /* Frameworks */ = {
			isa = PBXFrameworksBuildPhase;
			buildActionMask = 2147483647;
			files = (
				F628C2396FAF1F30E72B396D /* Pods.framework in Frameworks */,
			);
			runOnlyForDeploymentPostprocessing = 0;
		};
		87E2F5581C906021003F5D1F /* Frameworks */ = {
			isa = PBXFrameworksBuildPhase;
			buildActionMask = 2147483647;
			files = (
			);
			runOnlyForDeploymentPostprocessing = 0;
		};
		87E2F5631C906021003F5D1F /* Frameworks */ = {
			isa = PBXFrameworksBuildPhase;
			buildActionMask = 2147483647;
			files = (
			);
			runOnlyForDeploymentPostprocessing = 0;
		};
/* End PBXFrameworksBuildPhase section */

/* Begin PBXGroup section */
		607FA34168CD95F26975B2DB /* Frameworks */ = {
			isa = PBXGroup;
			children = (
				97FA3F9C7E41FF595D2268F0 /* Pods.framework */,
			);
			name = Frameworks;
			sourceTree = "<group>";
		};
		68A9C27982C247C113E2C94F /* Pods */ = {
			isa = PBXGroup;
			children = (
				1D9F7D0C5ED12D4849298E36 /* Pods.debug.xcconfig */,
				0A2540E49B14449007554396 /* Pods.release.xcconfig */,
			);
			name = Pods;
			sourceTree = "<group>";
		};
		87578C9B1C919E1100455C5D /* Events */ = {
			isa = PBXGroup;
			children = (
				87E2F54C1C906021003F5D1F /* EventViewController.swift */,
				87E2F58A1C90DE10003F5D1F /* Event+CoreDataProperties.swift */,
				87E2F58B1C90DE10003F5D1F /* Event.swift */,
			);
			name = Events;
			sourceTree = "<group>";
		};
		87B4D80B1C9691DA0062BE7B /* Overview */ = {
			isa = PBXGroup;
			children = (
				8748E60C1C91A042006CA54A /* OverViewController.swift */,
				87B4D80C1C96920D0062BE7B /* OverViewTableViewCell.swift */,
				879B1F221C9934E600B4671B /* EventsOverviewTableViewController.swift */,
			);
			name = Overview;
			sourceTree = "<group>";
		};
		87E2F5391C906020003F5D1F = {
			isa = PBXGroup;
			children = (
				87E2F5441C906020003F5D1F /* HappyDay */,
				87E2F55E1C906021003F5D1F /* HappyDayTests */,
				87E2F5691C906021003F5D1F /* HappyDayUITests */,
				87E2F5431C906020003F5D1F /* Products */,
				68A9C27982C247C113E2C94F /* Pods */,
				607FA34168CD95F26975B2DB /* Frameworks */,
			);
			sourceTree = "<group>";
		};
		87E2F5431C906020003F5D1F /* Products */ = {
			isa = PBXGroup;
			children = (
				87E2F5421C906020003F5D1F /* HappyDay.app */,
				87E2F55B1C906021003F5D1F /* HappyDayTests.xctest */,
				87E2F5661C906021003F5D1F /* HappyDayUITests.xctest */,
			);
			name = Products;
			sourceTree = "<group>";
		};
		87E2F5441C906020003F5D1F /* HappyDay */ = {
			isa = PBXGroup;
			children = (
				87CCF0771C9B0A8800A04DBD /* HappyDay.entitlements */,
				87E2F5451C906020003F5D1F /* AppDelegate.swift */,
				8748E60E1C91B64B006CA54A /* MainSplitViewController.swift */,
				87E2F54E1C906021003F5D1F /* Main.storyboard */,
				87F62C161CDB9D0C004152B5 /* TeamCollectionViewCell.swift */,
				87F62C181CDB9E08004152B5 /* TeamsCollectionViewController.swift */,
				87E2F5531C906021003F5D1F /* LaunchScreen.storyboard */,
				87E2F57A1C9094C9003F5D1F /* Assets.xcassets */,
				87E2F5561C906021003F5D1F /* Info.plist */,
				87E2F5471C906021003F5D1F /* HappyDay.xcdatamodeld */,
				87B4D80B1C9691DA0062BE7B /* Overview */,
				87E2F57C1C9094DD003F5D1F /* Teams */,
				87E2F57D1C90A323003F5D1F /* Persons */,
				87578C9B1C919E1100455C5D /* Events */,
			);
			path = HappyDay;
			sourceTree = "<group>";
		};
		87E2F55E1C906021003F5D1F /* HappyDayTests */ = {
			isa = PBXGroup;
			children = (
				87E2F55F1C906021003F5D1F /* HappyDayTests.swift */,
				87E2F5611C906021003F5D1F /* Info.plist */,
			);
			path = HappyDayTests;
			sourceTree = "<group>";
		};
		87E2F5691C906021003F5D1F /* HappyDayUITests */ = {
			isa = PBXGroup;
			children = (
				87E2F56A1C906021003F5D1F /* HappyDayUITests.swift */,
				87E2F56C1C906021003F5D1F /* Info.plist */,
			);
			path = HappyDayUITests;
			sourceTree = "<group>";
		};
		87E2F57C1C9094DD003F5D1F /* Teams */ = {
			isa = PBXGroup;
			children = (
				87E2F54A1C906021003F5D1F /* TeamViewController.swift */,
				87E2F57E1C90A4A3003F5D1F /* NewTeamViewController.swift */,
				8796EC941C9FCD55005C84DA /* EditTeamViewController.swift */,
				87E2F5781C908B54003F5D1F /* TeamTableViewCell.swift */,
				87E2F5881C90DE10003F5D1F /* Team+CoreDataProperties.swift */,
				87E2F5891C90DE10003F5D1F /* Team.swift */,
			);
			name = Teams;
			sourceTree = "<group>";
		};
		87E2F57D1C90A323003F5D1F /* Persons */ = {
			isa = PBXGroup;
			children = (
				87E2F5801C90C348003F5D1F /* PersonsTableViewController.swift */,
				87E2F5841C90CBD6003F5D1F /* NewPersonViewController.swift */,
				87E2F5821C90C53F003F5D1F /* PersonTableViewCell.swift */,
				87E2F5861C90DE10003F5D1F /* Person+CoreDataProperties.swift */,
				87E2F5871C90DE10003F5D1F /* Person.swift */,
				87DC48481CAD9C8A00894051 /* EditPersonViewController.swift */,
			);
			name = Persons;
			sourceTree = "<group>";
		};
/* End PBXGroup section */

/* Begin PBXNativeTarget section */
		87E2F5411C906020003F5D1F /* HappyDay */ = {
			isa = PBXNativeTarget;
			buildConfigurationList = 87E2F56F1C906021003F5D1F /* Build configuration list for PBXNativeTarget "HappyDay" */;
			buildPhases = (
				1370D80868DE4201274B7D32 /* Check Pods Manifest.lock */,
				87E2F53E1C906020003F5D1F /* Sources */,
				87E2F53F1C906020003F5D1F /* Frameworks */,
				87E2F5401C906020003F5D1F /* Resources */,
				C41C83EF7C35C82879039B21 /* Embed Pods Frameworks */,
				0EA152B10BC83D1FD26ED9EC /* Copy Pods Resources */,
			);
			buildRules = (
			);
			dependencies = (
			);
			name = HappyDay;
			productName = HappyDay;
			productReference = 87E2F5421C906020003F5D1F /* HappyDay.app */;
			productType = "com.apple.product-type.application";
		};
		87E2F55A1C906021003F5D1F /* HappyDayTests */ = {
			isa = PBXNativeTarget;
			buildConfigurationList = 87E2F5721C906021003F5D1F /* Build configuration list for PBXNativeTarget "HappyDayTests" */;
			buildPhases = (
				87E2F5571C906021003F5D1F /* Sources */,
				87E2F5581C906021003F5D1F /* Frameworks */,
				87E2F5591C906021003F5D1F /* Resources */,
			);
			buildRules = (
			);
			dependencies = (
				87E2F55D1C906021003F5D1F /* PBXTargetDependency */,
			);
			name = HappyDayTests;
			productName = HappyDayTests;
			productReference = 87E2F55B1C906021003F5D1F /* HappyDayTests.xctest */;
			productType = "com.apple.product-type.bundle.unit-test";
		};
		87E2F5651C906021003F5D1F /* HappyDayUITests */ = {
			isa = PBXNativeTarget;
			buildConfigurationList = 87E2F5751C906021003F5D1F /* Build configuration list for PBXNativeTarget "HappyDayUITests" */;
			buildPhases = (
				87E2F5621C906021003F5D1F /* Sources */,
				87E2F5631C906021003F5D1F /* Frameworks */,
				87E2F5641C906021003F5D1F /* Resources */,
			);
			buildRules = (
			);
			dependencies = (
				87E2F5681C906021003F5D1F /* PBXTargetDependency */,
			);
			name = HappyDayUITests;
			productName = HappyDayUITests;
			productReference = 87E2F5661C906021003F5D1F /* HappyDayUITests.xctest */;
			productType = "com.apple.product-type.bundle.ui-testing";
		};
/* End PBXNativeTarget section */

/* Begin PBXProject section */
		87E2F53A1C906020003F5D1F /* Project object */ = {
			isa = PBXProject;
			attributes = {
				LastSwiftUpdateCheck = 0720;
				LastUpgradeCheck = 0720;
				ORGANIZATIONNAME = "David Prochazka";
				TargetAttributes = {
					87E2F5411C906020003F5D1F = {
						CreatedOnToolsVersion = 7.2.1;
						DevelopmentTeam = 8UAN795U56;
						SystemCapabilities = {
							com.apple.iCloud = {
								enabled = 0;
							};
						};
					};
					87E2F55A1C906021003F5D1F = {
						CreatedOnToolsVersion = 7.2.1;
						TestTargetID = 87E2F5411C906020003F5D1F;
					};
					87E2F5651C906021003F5D1F = {
						CreatedOnToolsVersion = 7.2.1;
						TestTargetID = 87E2F5411C906020003F5D1F;
					};
				};
			};
			buildConfigurationList = 87E2F53D1C906020003F5D1F /* Build configuration list for PBXProject "HappyDay" */;
			compatibilityVersion = "Xcode 3.2";
			developmentRegion = English;
			hasScannedForEncodings = 0;
			knownRegions = (
				en,
				Base,
			);
			mainGroup = 87E2F5391C906020003F5D1F;
			productRefGroup = 87E2F5431C906020003F5D1F /* Products */;
			projectDirPath = "";
			projectRoot = "";
			targets = (
				87E2F5411C906020003F5D1F /* HappyDay */,
				87E2F55A1C906021003F5D1F /* HappyDayTests */,
				87E2F5651C906021003F5D1F /* HappyDayUITests */,
			);
		};
/* End PBXProject section */

/* Begin PBXResourcesBuildPhase section */
		87E2F5401C906020003F5D1F /* Resources */ = {
			isa = PBXResourcesBuildPhase;
			buildActionMask = 2147483647;
			files = (
				87E2F5551C906021003F5D1F /* LaunchScreen.storyboard in Resources */,
				87E2F57B1C9094C9003F5D1F /* Assets.xcassets in Resources */,
				87E2F5501C906021003F5D1F /* Main.storyboard in Resources */,
			);
			runOnlyForDeploymentPostprocessing = 0;
		};
		87E2F5591C906021003F5D1F /* Resources */ = {
			isa = PBXResourcesBuildPhase;
			buildActionMask = 2147483647;
			files = (
			);
			runOnlyForDeploymentPostprocessing = 0;
		};
		87E2F5641C906021003F5D1F /* Resources */ = {
			isa = PBXResourcesBuildPhase;
			buildActionMask = 2147483647;
			files = (
			);
			runOnlyForDeploymentPostprocessing = 0;
		};
/* End PBXResourcesBuildPhase section */

/* Begin PBXShellScriptBuildPhase section */
		0EA152B10BC83D1FD26ED9EC /* Copy Pods Resources */ = {
			isa = PBXShellScriptBuildPhase;
			buildActionMask = 2147483647;
			files = (
			);
			inputPaths = (
			);
			name = "Copy Pods Resources";
			outputPaths = (
			);
			runOnlyForDeploymentPostprocessing = 0;
			shellPath = /bin/sh;
			shellScript = "\"${SRCROOT}/Pods/Target Support Files/Pods/Pods-resources.sh\"\n";
			showEnvVarsInLog = 0;
		};
		1370D80868DE4201274B7D32 /* Check Pods Manifest.lock */ = {
			isa = PBXShellScriptBuildPhase;
			buildActionMask = 2147483647;
			files = (
			);
			inputPaths = (
			);
			name = "Check Pods Manifest.lock";
			outputPaths = (
			);
			runOnlyForDeploymentPostprocessing = 0;
			shellPath = /bin/sh;
			shellScript = "diff \"${PODS_ROOT}/../Podfile.lock\" \"${PODS_ROOT}/Manifest.lock\" > /dev/null\nif [[ $? != 0 ]] ; then\n    cat << EOM\nerror: The sandbox is not in sync with the Podfile.lock. Run 'pod install' or update your CocoaPods installation.\nEOM\n    exit 1\nfi\n";
			showEnvVarsInLog = 0;
		};
		C41C83EF7C35C82879039B21 /* Embed Pods Frameworks */ = {
			isa = PBXShellScriptBuildPhase;
			buildActionMask = 2147483647;
			files = (
			);
			inputPaths = (
			);
			name = "Embed Pods Frameworks";
			outputPaths = (
			);
			runOnlyForDeploymentPostprocessing = 0;
			shellPath = /bin/sh;
			shellScript = "\"${SRCROOT}/Pods/Target Support Files/Pods/Pods-frameworks.sh\"\n";
			showEnvVarsInLog = 0;
		};
/* End PBXShellScriptBuildPhase section */

/* Begin PBXSourcesBuildPhase section */
		87E2F53E1C906020003F5D1F /* Sources */ = {
			isa = PBXSourcesBuildPhase;
			buildActionMask = 2147483647;
			files = (
				87E2F5851C90CBD6003F5D1F /* NewPersonViewController.swift in Sources */,
				87F62C191CDB9E08004152B5 /* TeamsCollectionViewController.swift in Sources */,
				87E2F5461C906020003F5D1F /* AppDelegate.swift in Sources */,
				87E2F58F1C90DE10003F5D1F /* Team.swift in Sources */,
				87E2F5791C908B54003F5D1F /* TeamTableViewCell.swift in Sources */,
				87B4D80D1C96920D0062BE7B /* OverViewTableViewCell.swift in Sources */,
				879B1F231C9934E600B4671B /* EventsOverviewTableViewController.swift in Sources */,
				87E2F5911C90DE10003F5D1F /* Event.swift in Sources */,
				87E2F5491C906021003F5D1F /* HappyDay.xcdatamodeld in Sources */,
				87E2F58D1C90DE10003F5D1F /* Person.swift in Sources */,
				87E2F54B1C906021003F5D1F /* TeamViewController.swift in Sources */,
				87E2F58E1C90DE10003F5D1F /* Team+CoreDataProperties.swift in Sources */,
				87E2F5811C90C348003F5D1F /* PersonsTableViewController.swift in Sources */,
				87E2F58C1C90DE10003F5D1F /* Person+CoreDataProperties.swift in Sources */,
				87E2F5901C90DE10003F5D1F /* Event+CoreDataProperties.swift in Sources */,
				87E2F57F1C90A4A3003F5D1F /* NewTeamViewController.swift in Sources */,
				87E2F5831C90C53F003F5D1F /* PersonTableViewCell.swift in Sources */,
				8748E60F1C91B64B006CA54A /* MainSplitViewController.swift in Sources */,
				8748E60D1C91A042006CA54A /* OverViewController.swift in Sources */,
				87DC48491CAD9C8A00894051 /* EditPersonViewController.swift in Sources */,
				87F62C171CDB9D0C004152B5 /* TeamCollectionViewCell.swift in Sources */,
				87E2F54D1C906021003F5D1F /* EventViewController.swift in Sources */,
				8796EC951C9FCD55005C84DA /* EditTeamViewController.swift in Sources */,
			);
			runOnlyForDeploymentPostprocessing = 0;
		};
		87E2F5571C906021003F5D1F /* Sources */ = {
			isa = PBXSourcesBuildPhase;
			buildActionMask = 2147483647;
			files = (
				87E2F5601C906021003F5D1F /* HappyDayTests.swift in Sources */,
			);
			runOnlyForDeploymentPostprocessing = 0;
		};
		87E2F5621C906021003F5D1F /* Sources */ = {
			isa = PBXSourcesBuildPhase;
			buildActionMask = 2147483647;
			files = (
				87E2F56B1C906021003F5D1F /* HappyDayUITests.swift in Sources */,
			);
			runOnlyForDeploymentPostprocessing = 0;
		};
/* End PBXSourcesBuildPhase section */

/* Begin PBXTargetDependency section */
		87E2F55D1C906021003F5D1F /* PBXTargetDependency */ = {
			isa = PBXTargetDependency;
			target = 87E2F5411C906020003F5D1F /* HappyDay */;
			targetProxy = 87E2F55C1C906021003F5D1F /* PBXContainerItemProxy */;
		};
		87E2F5681C906021003F5D1F /* PBXTargetDependency */ = {
			isa = PBXTargetDependency;
			target = 87E2F5411C906020003F5D1F /* HappyDay */;
			targetProxy = 87E2F5671C906021003F5D1F /* PBXContainerItemProxy */;
		};
/* End PBXTargetDependency section */

/* Begin PBXVariantGroup section */
		87E2F54E1C906021003F5D1F /* Main.storyboard */ = {
			isa = PBXVariantGroup;
			children = (
				87E2F54F1C906021003F5D1F /* Base */,
			);
			name = Main.storyboard;
			sourceTree = "<group>";
		};
		87E2F5531C906021003F5D1F /* LaunchScreen.storyboard */ = {
			isa = PBXVariantGroup;
			children = (
				87E2F5541C906021003F5D1F /* Base */,
			);
			name = LaunchScreen.storyboard;
			sourceTree = "<group>";
		};
/* End PBXVariantGroup section */

/* Begin XCBuildConfiguration section */
		87E2F56D1C906021003F5D1F /* Debug */ = {
			isa = XCBuildConfiguration;
			buildSettings = {
				ALWAYS_SEARCH_USER_PATHS = NO;
				CLANG_CXX_LANGUAGE_STANDARD = "gnu++0x";
				CLANG_CXX_LIBRARY = "libc++";
				CLANG_ENABLE_MODULES = YES;
				CLANG_ENABLE_OBJC_ARC = YES;
				CLANG_WARN_BOOL_CONVERSION = YES;
				CLANG_WARN_CONSTANT_CONVERSION = YES;
				CLANG_WARN_DIRECT_OBJC_ISA_USAGE = YES_ERROR;
				CLANG_WARN_EMPTY_BODY = YES;
				CLANG_WARN_ENUM_CONVERSION = YES;
				CLANG_WARN_INT_CONVERSION = YES;
				CLANG_WARN_OBJC_ROOT_CLASS = YES_ERROR;
				CLANG_WARN_UNREACHABLE_CODE = YES;
				CLANG_WARN__DUPLICATE_METHOD_MATCH = YES;
				"CODE_SIGN_IDENTITY[sdk=iphoneos*]" = "iPhone Developer";
				COPY_PHASE_STRIP = NO;
				DEBUG_INFORMATION_FORMAT = dwarf;
				ENABLE_STRICT_OBJC_MSGSEND = YES;
				ENABLE_TESTABILITY = YES;
				GCC_C_LANGUAGE_STANDARD = gnu99;
				GCC_DYNAMIC_NO_PIC = NO;
				GCC_NO_COMMON_BLOCKS = YES;
				GCC_OPTIMIZATION_LEVEL = 0;
				GCC_PREPROCESSOR_DEFINITIONS = (
					"DEBUG=1",
					"$(inherited)",
				);
				GCC_WARN_64_TO_32_BIT_CONVERSION = YES;
				GCC_WARN_ABOUT_RETURN_TYPE = YES_ERROR;
				GCC_WARN_UNDECLARED_SELECTOR = YES;
				GCC_WARN_UNINITIALIZED_AUTOS = YES_AGGRESSIVE;
				GCC_WARN_UNUSED_FUNCTION = YES;
				GCC_WARN_UNUSED_VARIABLE = YES;
				IPHONEOS_DEPLOYMENT_TARGET = 9.2;
				MTL_ENABLE_DEBUG_INFO = YES;
				ONLY_ACTIVE_ARCH = YES;
				SDKROOT = iphoneos;
				SWIFT_OPTIMIZATION_LEVEL = "-Onone";
				TARGETED_DEVICE_FAMILY = "1,2";
			};
			name = Debug;
		};
		87E2F56E1C906021003F5D1F /* Release */ = {
			isa = XCBuildConfiguration;
			buildSettings = {
				ALWAYS_SEARCH_USER_PATHS = NO;
				CLANG_CXX_LANGUAGE_STANDARD = "gnu++0x";
				CLANG_CXX_LIBRARY = "libc++";
				CLANG_ENABLE_MODULES = YES;
				CLANG_ENABLE_OBJC_ARC = YES;
				CLANG_WARN_BOOL_CONVERSION = YES;
				CLANG_WARN_CONSTANT_CONVERSION = YES;
				CLANG_WARN_DIRECT_OBJC_ISA_USAGE = YES_ERROR;
				CLANG_WARN_EMPTY_BODY = YES;
				CLANG_WARN_ENUM_CONVERSION = YES;
				CLANG_WARN_INT_CONVERSION = YES;
				CLANG_WARN_OBJC_ROOT_CLASS = YES_ERROR;
				CLANG_WARN_UNREACHABLE_CODE = YES;
				CLANG_WARN__DUPLICATE_METHOD_MATCH = YES;
				"CODE_SIGN_IDENTITY[sdk=iphoneos*]" = "iPhone Developer";
				COPY_PHASE_STRIP = NO;
				DEBUG_INFORMATION_FORMAT = "dwarf-with-dsym";
				ENABLE_NS_ASSERTIONS = NO;
				ENABLE_STRICT_OBJC_MSGSEND = YES;
				GCC_C_LANGUAGE_STANDARD = gnu99;
				GCC_NO_COMMON_BLOCKS = YES;
				GCC_WARN_64_TO_32_BIT_CONVERSION = YES;
				GCC_WARN_ABOUT_RETURN_TYPE = YES_ERROR;
				GCC_WARN_UNDECLARED_SELECTOR = YES;
				GCC_WARN_UNINITIALIZED_AUTOS = YES_AGGRESSIVE;
				GCC_WARN_UNUSED_FUNCTION = YES;
				GCC_WARN_UNUSED_VARIABLE = YES;
				IPHONEOS_DEPLOYMENT_TARGET = 9.2;
				MTL_ENABLE_DEBUG_INFO = NO;
				SDKROOT = iphoneos;
				TARGETED_DEVICE_FAMILY = "1,2";
				VALIDATE_PRODUCT = YES;
			};
			name = Release;
		};
		87E2F5701C906021003F5D1F /* Debug */ = {
			isa = XCBuildConfiguration;
			baseConfigurationReference = 1D9F7D0C5ED12D4849298E36 /* Pods.debug.xcconfig */;
			buildSettings = {
				ASSETCATALOG_COMPILER_APPICON_NAME = AppIcon;
				CODE_SIGN_ENTITLEMENTS = HappyDay/HappyDay.entitlements;
				CODE_SIGN_IDENTITY = "iPhone Developer";
				"CODE_SIGN_IDENTITY[sdk=iphoneos*]" = "iPhone Developer";
				INFOPLIST_FILE = HappyDay/Info.plist;
				LD_RUNPATH_SEARCH_PATHS = "$(inherited) @executable_path/Frameworks";
				PRODUCT_BUNDLE_IDENTIFIER = com.mendelu.HappyDaysApp;
				PRODUCT_NAME = "$(TARGET_NAME)";
				PROVISIONING_PROFILE = "";
			};
			name = Debug;
		};
		87E2F5711C906021003F5D1F /* Release */ = {
			isa = XCBuildConfiguration;
			baseConfigurationReference = 0A2540E49B14449007554396 /* Pods.release.xcconfig */;
			buildSettings = {
				ASSETCATALOG_COMPILER_APPICON_NAME = AppIcon;
				CODE_SIGN_ENTITLEMENTS = HappyDay/HappyDay.entitlements;
				CODE_SIGN_IDENTITY = "iPhone Developer";
				"CODE_SIGN_IDENTITY[sdk=iphoneos*]" = "iPhone Developer";
				INFOPLIST_FILE = HappyDay/Info.plist;
				LD_RUNPATH_SEARCH_PATHS = "$(inherited) @executable_path/Frameworks";
				PRODUCT_BUNDLE_IDENTIFIER = com.mendelu.HappyDaysApp;
				PRODUCT_NAME = "$(TARGET_NAME)";
				PROVISIONING_PROFILE = "";
			};
			name = Release;
		};
		87E2F5731C906021003F5D1F /* Debug */ = {
			isa = XCBuildConfiguration;
			buildSettings = {
				BUNDLE_LOADER = "$(TEST_HOST)";
				INFOPLIST_FILE = HappyDayTests/Info.plist;
				LD_RUNPATH_SEARCH_PATHS = "$(inherited) @executable_path/Frameworks @loader_path/Frameworks";
				PRODUCT_BUNDLE_IDENTIFIER = com.mendelu.HappyDayTests;
				PRODUCT_NAME = "$(TARGET_NAME)";
				TEST_HOST = "$(BUILT_PRODUCTS_DIR)/HappyDay.app/HappyDay";
			};
			name = Debug;
		};
		87E2F5741C906021003F5D1F /* Release */ = {
			isa = XCBuildConfiguration;
			buildSettings = {
				BUNDLE_LOADER = "$(TEST_HOST)";
				INFOPLIST_FILE = HappyDayTests/Info.plist;
				LD_RUNPATH_SEARCH_PATHS = "$(inherited) @executable_path/Frameworks @loader_path/Frameworks";
				PRODUCT_BUNDLE_IDENTIFIER = com.mendelu.HappyDayTests;
				PRODUCT_NAME = "$(TARGET_NAME)";
				TEST_HOST = "$(BUILT_PRODUCTS_DIR)/HappyDay.app/HappyDay";
			};
			name = Release;
		};
		87E2F5761C906021003F5D1F /* Debug */ = {
			isa = XCBuildConfiguration;
			buildSettings = {
				INFOPLIST_FILE = HappyDayUITests/Info.plist;
				LD_RUNPATH_SEARCH_PATHS = "$(inherited) @executable_path/Frameworks @loader_path/Frameworks";
				PRODUCT_BUNDLE_IDENTIFIER = com.mendelu.HappyDayUITests;
				PRODUCT_NAME = "$(TARGET_NAME)";
				TEST_TARGET_NAME = HappyDay;
				USES_XCTRUNNER = YES;
			};
			name = Debug;
		};
		87E2F5771C906021003F5D1F /* Release */ = {
			isa = XCBuildConfiguration;
			buildSettings = {
				INFOPLIST_FILE = HappyDayUITests/Info.plist;
				LD_RUNPATH_SEARCH_PATHS = "$(inherited) @executable_path/Frameworks @loader_path/Frameworks";
				PRODUCT_BUNDLE_IDENTIFIER = com.mendelu.HappyDayUITests;
				PRODUCT_NAME = "$(TARGET_NAME)";
				TEST_TARGET_NAME = HappyDay;
				USES_XCTRUNNER = YES;
			};
			name = Release;
		};
/* End XCBuildConfiguration section */

/* Begin XCConfigurationList section */
		87E2F53D1C906020003F5D1F /* Build configuration list for PBXProject "HappyDay" */ = {
			isa = XCConfigurationList;
			buildConfigurations = (
				87E2F56D1C906021003F5D1F /* Debug */,
				87E2F56E1C906021003F5D1F /* Release */,
			);
			defaultConfigurationIsVisible = 0;
			defaultConfigurationName = Release;
		};
		87E2F56F1C906021003F5D1F /* Build configuration list for PBXNativeTarget "HappyDay" */ = {
			isa = XCConfigurationList;
			buildConfigurations = (
				87E2F5701C906021003F5D1F /* Debug */,
				87E2F5711C906021003F5D1F /* Release */,
			);
			defaultConfigurationIsVisible = 0;
			defaultConfigurationName = Release;
		};
		87E2F5721C906021003F5D1F /* Build configuration list for PBXNativeTarget "HappyDayTests" */ = {
			isa = XCConfigurationList;
			buildConfigurations = (
				87E2F5731C906021003F5D1F /* Debug */,
				87E2F5741C906021003F5D1F /* Release */,
			);
			defaultConfigurationIsVisible = 0;
			defaultConfigurationName = Release;
		};
		87E2F5751C906021003F5D1F /* Build configuration list for PBXNativeTarget "HappyDayUITests" */ = {
			isa = XCConfigurationList;
			buildConfigurations = (
				87E2F5761C906021003F5D1F /* Debug */,
				87E2F5771C906021003F5D1F /* Release */,
			);
			defaultConfigurationIsVisible = 0;
			defaultConfigurationName = Release;
		};
/* End XCConfigurationList section */

/* Begin XCVersionGroup section */
		87E2F5471C906021003F5D1F /* HappyDay.xcdatamodeld */ = {
			isa = XCVersionGroup;
			children = (
				87E2F5481C906021003F5D1F /* HappyDay.xcdatamodel */,
			);
			currentVersion = 87E2F5481C906021003F5D1F /* HappyDay.xcdatamodel */;
			path = HappyDay.xcdatamodeld;
			sourceTree = "<group>";
			versionGroupType = wrapper.xcdatamodel;
		};
/* End XCVersionGroup section */
	};
	rootObject = 87E2F53A1C906020003F5D1F /* Project object */;
}
