<?xml version="1.0" encoding="UTF-8"?>
<!DOCTYPE plist PUBLIC "-//Apple//DTD PLIST 1.0//EN" "http://www.apple.com/DTDs/PropertyList-1.0.dtd">
<plist version="1.0">
<dict>
	<key>archiveVersion</key>
	<string>1</string>
	<key>classes</key>
	<dict/>
	<key>objectVersion</key>
	<string>46</string>
	<key>objects</key>
	<dict>
		<key>0A2540E49B14449007554396</key>
		<dict>
			<key>includeInIndex</key>
			<string>1</string>
			<key>isa</key>
			<string>PBXFileReference</string>
			<key>lastKnownFileType</key>
			<string>text.xcconfig</string>
			<key>name</key>
			<string>Pods.release.xcconfig</string>
			<key>path</key>
			<string>Pods/Target Support Files/Pods/Pods.release.xcconfig</string>
			<key>sourceTree</key>
			<string>&lt;group&gt;</string>
		</dict>
		<key>0EA152B10BC83D1FD26ED9EC</key>
		<dict>
			<key>buildActionMask</key>
			<string>2147483647</string>
			<key>files</key>
			<array/>
			<key>inputPaths</key>
			<array/>
			<key>isa</key>
			<string>PBXShellScriptBuildPhase</string>
			<key>name</key>
			<string>Copy Pods Resources</string>
			<key>outputPaths</key>
			<array/>
			<key>runOnlyForDeploymentPostprocessing</key>
			<string>0</string>
			<key>shellPath</key>
			<string>/bin/sh</string>
			<key>shellScript</key>
			<string>"${SRCROOT}/Pods/Target Support Files/Pods/Pods-resources.sh"
</string>
			<key>showEnvVarsInLog</key>
			<string>0</string>
		</dict>
		<key>1370D80868DE4201274B7D32</key>
		<dict>
			<key>buildActionMask</key>
			<string>2147483647</string>
			<key>files</key>
			<array/>
			<key>inputPaths</key>
			<array/>
			<key>isa</key>
			<string>PBXShellScriptBuildPhase</string>
			<key>name</key>
			<string>Check Pods Manifest.lock</string>
			<key>outputPaths</key>
			<array/>
			<key>runOnlyForDeploymentPostprocessing</key>
			<string>0</string>
			<key>shellPath</key>
			<string>/bin/sh</string>
			<key>shellScript</key>
			<string>diff "${PODS_ROOT}/../Podfile.lock" "${PODS_ROOT}/Manifest.lock" &gt; /dev/null
if [[ $? != 0 ]] ; then
    cat &lt;&lt; EOM
error: The sandbox is not in sync with the Podfile.lock. Run 'pod install' or update your CocoaPods installation.
EOM
    exit 1
fi
</string>
			<key>showEnvVarsInLog</key>
			<string>0</string>
		</dict>
		<key>1D9F7D0C5ED12D4849298E36</key>
		<dict>
			<key>includeInIndex</key>
			<string>1</string>
			<key>isa</key>
			<string>PBXFileReference</string>
			<key>lastKnownFileType</key>
			<string>text.xcconfig</string>
			<key>name</key>
			<string>Pods.debug.xcconfig</string>
			<key>path</key>
			<string>Pods/Target Support Files/Pods/Pods.debug.xcconfig</string>
			<key>sourceTree</key>
			<string>&lt;group&gt;</string>
		</dict>
		<key>607FA34168CD95F26975B2DB</key>
		<dict>
			<key>children</key>
			<array>
				<string>97FA3F9C7E41FF595D2268F0</string>
			</array>
			<key>isa</key>
			<string>PBXGroup</string>
			<key>name</key>
			<string>Frameworks</string>
			<key>sourceTree</key>
			<string>&lt;group&gt;</string>
		</dict>
		<key>68A9C27982C247C113E2C94F</key>
		<dict>
			<key>children</key>
			<array>
				<string>1D9F7D0C5ED12D4849298E36</string>
				<string>0A2540E49B14449007554396</string>
			</array>
			<key>isa</key>
			<string>PBXGroup</string>
			<key>name</key>
			<string>Pods</string>
			<key>sourceTree</key>
			<string>&lt;group&gt;</string>
		</dict>
		<key>8748E60C1C91A042006CA54A</key>
		<dict>
			<key>fileEncoding</key>
			<string>4</string>
			<key>isa</key>
			<string>PBXFileReference</string>
			<key>lastKnownFileType</key>
			<string>sourcecode.swift</string>
			<key>path</key>
			<string>OverViewController.swift</string>
			<key>sourceTree</key>
			<string>&lt;group&gt;</string>
		</dict>
		<key>8748E60D1C91A042006CA54A</key>
		<dict>
			<key>fileRef</key>
			<string>8748E60C1C91A042006CA54A</string>
			<key>isa</key>
			<string>PBXBuildFile</string>
		</dict>
		<key>8748E60E1C91B64B006CA54A</key>
		<dict>
			<key>fileEncoding</key>
			<string>4</string>
			<key>isa</key>
			<string>PBXFileReference</string>
			<key>lastKnownFileType</key>
			<string>sourcecode.swift</string>
			<key>path</key>
			<string>MainSplitViewController.swift</string>
			<key>sourceTree</key>
			<string>&lt;group&gt;</string>
		</dict>
		<key>8748E60F1C91B64B006CA54A</key>
		<dict>
			<key>fileRef</key>
			<string>8748E60E1C91B64B006CA54A</string>
			<key>isa</key>
			<string>PBXBuildFile</string>
		</dict>
		<key>87578C9B1C919E1100455C5D</key>
		<dict>
			<key>children</key>
			<array>
				<string>87E2F54C1C906021003F5D1F</string>
				<string>87E2F58A1C90DE10003F5D1F</string>
				<string>87E2F58B1C90DE10003F5D1F</string>
			</array>
			<key>isa</key>
			<string>PBXGroup</string>
			<key>name</key>
			<string>Events</string>
			<key>sourceTree</key>
			<string>&lt;group&gt;</string>
		</dict>
		<key>8796EC941C9FCD55005C84DA</key>
		<dict>
			<key>fileEncoding</key>
			<string>4</string>
			<key>isa</key>
			<string>PBXFileReference</string>
			<key>lastKnownFileType</key>
			<string>sourcecode.swift</string>
			<key>path</key>
			<string>EditTeamViewController.swift</string>
			<key>sourceTree</key>
			<string>&lt;group&gt;</string>
		</dict>
		<key>8796EC951C9FCD55005C84DA</key>
		<dict>
			<key>fileRef</key>
			<string>8796EC941C9FCD55005C84DA</string>
			<key>isa</key>
			<string>PBXBuildFile</string>
		</dict>
		<key>879B1F221C9934E600B4671B</key>
		<dict>
			<key>fileEncoding</key>
			<string>4</string>
			<key>isa</key>
			<string>PBXFileReference</string>
			<key>lastKnownFileType</key>
			<string>sourcecode.swift</string>
			<key>path</key>
			<string>EventsOverviewTableViewController.swift</string>
			<key>sourceTree</key>
			<string>&lt;group&gt;</string>
		</dict>
		<key>879B1F231C9934E600B4671B</key>
		<dict>
			<key>fileRef</key>
			<string>879B1F221C9934E600B4671B</string>
			<key>isa</key>
			<string>PBXBuildFile</string>
		</dict>
		<key>87B4D80B1C9691DA0062BE7B</key>
		<dict>
			<key>children</key>
			<array>
				<string>8748E60C1C91A042006CA54A</string>
				<string>87B4D80C1C96920D0062BE7B</string>
				<string>879B1F221C9934E600B4671B</string>
			</array>
			<key>isa</key>
			<string>PBXGroup</string>
			<key>name</key>
			<string>Overview</string>
			<key>sourceTree</key>
			<string>&lt;group&gt;</string>
		</dict>
		<key>87B4D80C1C96920D0062BE7B</key>
		<dict>
			<key>fileEncoding</key>
			<string>4</string>
			<key>isa</key>
			<string>PBXFileReference</string>
			<key>lastKnownFileType</key>
			<string>sourcecode.swift</string>
			<key>path</key>
			<string>OverViewTableViewCell.swift</string>
			<key>sourceTree</key>
			<string>&lt;group&gt;</string>
		</dict>
		<key>87B4D80D1C96920D0062BE7B</key>
		<dict>
			<key>fileRef</key>
			<string>87B4D80C1C96920D0062BE7B</string>
			<key>isa</key>
			<string>PBXBuildFile</string>
		</dict>
		<key>87CCF0771C9B0A8800A04DBD</key>
		<dict>
			<key>isa</key>
			<string>PBXFileReference</string>
			<key>lastKnownFileType</key>
			<string>text.xml</string>
			<key>path</key>
			<string>HappyDay.entitlements</string>
			<key>sourceTree</key>
			<string>&lt;group&gt;</string>
		</dict>
		<key>87DC48481CAD9C8A00894051</key>
		<dict>
			<key>fileEncoding</key>
			<string>4</string>
			<key>isa</key>
			<string>PBXFileReference</string>
			<key>lastKnownFileType</key>
			<string>sourcecode.swift</string>
			<key>path</key>
			<string>EditPersonViewController.swift</string>
			<key>sourceTree</key>
			<string>&lt;group&gt;</string>
		</dict>
		<key>87DC48491CAD9C8A00894051</key>
		<dict>
			<key>fileRef</key>
			<string>87DC48481CAD9C8A00894051</string>
			<key>isa</key>
			<string>PBXBuildFile</string>
		</dict>
		<key>87E2F5391C906020003F5D1F</key>
		<dict>
			<key>children</key>
			<array>
				<string>87E2F5441C906020003F5D1F</string>
				<string>87E2F55E1C906021003F5D1F</string>
				<string>87E2F5691C906021003F5D1F</string>
				<string>87E2F5431C906020003F5D1F</string>
				<string>68A9C27982C247C113E2C94F</string>
				<string>607FA34168CD95F26975B2DB</string>
			</array>
			<key>isa</key>
			<string>PBXGroup</string>
			<key>sourceTree</key>
			<string>&lt;group&gt;</string>
		</dict>
		<key>87E2F53A1C906020003F5D1F</key>
		<dict>
			<key>attributes</key>
			<dict>
				<key>LastSwiftUpdateCheck</key>
				<string>0720</string>
				<key>LastUpgradeCheck</key>
				<string>0720</string>
				<key>ORGANIZATIONNAME</key>
				<string>David Prochazka</string>
				<key>TargetAttributes</key>
				<dict>
					<key>87E2F5411C906020003F5D1F</key>
					<dict>
						<key>CreatedOnToolsVersion</key>
						<string>7.2.1</string>
						<key>DevelopmentTeam</key>
						<string>8UAN795U56</string>
						<key>SystemCapabilities</key>
						<dict>
							<key>com.apple.iCloud</key>
							<dict>
								<key>enabled</key>
								<string>0</string>
							</dict>
						</dict>
					</dict>
					<key>87E2F55A1C906021003F5D1F</key>
					<dict>
						<key>CreatedOnToolsVersion</key>
						<string>7.2.1</string>
						<key>TestTargetID</key>
						<string>87E2F5411C906020003F5D1F</string>
					</dict>
					<key>87E2F5651C906021003F5D1F</key>
					<dict>
						<key>CreatedOnToolsVersion</key>
						<string>7.2.1</string>
						<key>TestTargetID</key>
						<string>87E2F5411C906020003F5D1F</string>
					</dict>
				</dict>
			</dict>
			<key>buildConfigurationList</key>
			<string>87E2F53D1C906020003F5D1F</string>
			<key>compatibilityVersion</key>
			<string>Xcode 3.2</string>
			<key>developmentRegion</key>
			<string>English</string>
			<key>hasScannedForEncodings</key>
			<string>0</string>
			<key>isa</key>
			<string>PBXProject</string>
			<key>knownRegions</key>
			<array>
				<string>en</string>
				<string>Base</string>
			</array>
			<key>mainGroup</key>
			<string>87E2F5391C906020003F5D1F</string>
			<key>productRefGroup</key>
			<string>87E2F5431C906020003F5D1F</string>
			<key>projectDirPath</key>
			<string></string>
			<key>projectReferences</key>
			<array/>
			<key>projectRoot</key>
			<string></string>
			<key>targets</key>
			<array>
				<string>87E2F5411C906020003F5D1F</string>
				<string>87E2F55A1C906021003F5D1F</string>
				<string>87E2F5651C906021003F5D1F</string>
			</array>
		</dict>
		<key>87E2F53D1C906020003F5D1F</key>
		<dict>
			<key>buildConfigurations</key>
			<array>
				<string>87E2F56D1C906021003F5D1F</string>
				<string>87E2F56E1C906021003F5D1F</string>
			</array>
			<key>defaultConfigurationIsVisible</key>
			<string>0</string>
			<key>defaultConfigurationName</key>
			<string>Release</string>
			<key>isa</key>
			<string>XCConfigurationList</string>
		</dict>
		<key>87E2F53E1C906020003F5D1F</key>
		<dict>
			<key>buildActionMask</key>
			<string>2147483647</string>
			<key>files</key>
			<array>
				<string>87E2F5851C90CBD6003F5D1F</string>
				<string>87E2F5461C906020003F5D1F</string>
				<string>87E2F58F1C90DE10003F5D1F</string>
				<string>87E2F5791C908B54003F5D1F</string>
				<string>87B4D80D1C96920D0062BE7B</string>
				<string>879B1F231C9934E600B4671B</string>
				<string>87E2F5911C90DE10003F5D1F</string>
				<string>87E2F5491C906021003F5D1F</string>
				<string>87E2F58D1C90DE10003F5D1F</string>
				<string>87E2F54B1C906021003F5D1F</string>
				<string>87E2F58E1C90DE10003F5D1F</string>
				<string>87E2F5811C90C348003F5D1F</string>
				<string>87E2F58C1C90DE10003F5D1F</string>
				<string>87E2F5901C90DE10003F5D1F</string>
				<string>87E2F57F1C90A4A3003F5D1F</string>
				<string>87E2F5831C90C53F003F5D1F</string>
				<string>8748E60F1C91B64B006CA54A</string>
				<string>8748E60D1C91A042006CA54A</string>
				<string>87DC48491CAD9C8A00894051</string>
				<string>87E2F54D1C906021003F5D1F</string>
				<string>8796EC951C9FCD55005C84DA</string>
			</array>
			<key>isa</key>
			<string>PBXSourcesBuildPhase</string>
			<key>runOnlyForDeploymentPostprocessing</key>
			<string>0</string>
		</dict>
		<key>87E2F53F1C906020003F5D1F</key>
		<dict>
			<key>buildActionMask</key>
			<string>2147483647</string>
			<key>files</key>
			<array>
				<string>F628C2396FAF1F30E72B396D</string>
			</array>
			<key>isa</key>
			<string>PBXFrameworksBuildPhase</string>
			<key>runOnlyForDeploymentPostprocessing</key>
			<string>0</string>
		</dict>
		<key>87E2F5401C906020003F5D1F</key>
		<dict>
			<key>buildActionMask</key>
			<string>2147483647</string>
			<key>files</key>
			<array>
				<string>87E2F5551C906021003F5D1F</string>
				<string>87E2F57B1C9094C9003F5D1F</string>
				<string>87E2F5501C906021003F5D1F</string>
			</array>
			<key>isa</key>
			<string>PBXResourcesBuildPhase</string>
			<key>runOnlyForDeploymentPostprocessing</key>
			<string>0</string>
		</dict>
		<key>87E2F5411C906020003F5D1F</key>
		<dict>
			<key>buildConfigurationList</key>
			<string>87E2F56F1C906021003F5D1F</string>
			<key>buildPhases</key>
			<array>
				<string>1370D80868DE4201274B7D32</string>
				<string>87E2F53E1C906020003F5D1F</string>
				<string>87E2F53F1C906020003F5D1F</string>
				<string>87E2F5401C906020003F5D1F</string>
				<string>C41C83EF7C35C82879039B21</string>
				<string>0EA152B10BC83D1FD26ED9EC</string>
			</array>
			<key>buildRules</key>
			<array/>
			<key>dependencies</key>
			<array/>
			<key>isa</key>
			<string>PBXNativeTarget</string>
			<key>name</key>
			<string>HappyDay</string>
			<key>productName</key>
			<string>HappyDay</string>
			<key>productReference</key>
			<string>87E2F5421C906020003F5D1F</string>
			<key>productType</key>
			<string>com.apple.product-type.application</string>
		</dict>
		<key>87E2F5421C906020003F5D1F</key>
		<dict>
			<key>explicitFileType</key>
			<string>wrapper.application</string>
			<key>includeInIndex</key>
			<string>0</string>
			<key>isa</key>
			<string>PBXFileReference</string>
			<key>path</key>
			<string>HappyDay.app</string>
			<key>sourceTree</key>
			<string>BUILT_PRODUCTS_DIR</string>
		</dict>
		<key>87E2F5431C906020003F5D1F</key>
		<dict>
			<key>children</key>
			<array>
				<string>87E2F5421C906020003F5D1F</string>
				<string>87E2F55B1C906021003F5D1F</string>
				<string>87E2F5661C906021003F5D1F</string>
			</array>
			<key>isa</key>
			<string>PBXGroup</string>
			<key>name</key>
			<string>Products</string>
			<key>sourceTree</key>
			<string>&lt;group&gt;</string>
		</dict>
		<key>87E2F5441C906020003F5D1F</key>
		<dict>
			<key>children</key>
			<array>
				<string>87CCF0771C9B0A8800A04DBD</string>
				<string>87E2F5451C906020003F5D1F</string>
				<string>8748E60E1C91B64B006CA54A</string>
				<string>87E2F54E1C906021003F5D1F</string>
				<string>87E2F5531C906021003F5D1F</string>
				<string>87E2F57A1C9094C9003F5D1F</string>
				<string>87E2F5561C906021003F5D1F</string>
				<string>87E2F5471C906021003F5D1F</string>
				<string>87B4D80B1C9691DA0062BE7B</string>
				<string>87E2F57C1C9094DD003F5D1F</string>
				<string>87E2F57D1C90A323003F5D1F</string>
				<string>87578C9B1C919E1100455C5D</string>
			</array>
			<key>isa</key>
			<string>PBXGroup</string>
			<key>path</key>
			<string>HappyDay</string>
			<key>sourceTree</key>
			<string>&lt;group&gt;</string>
		</dict>
		<key>87E2F5451C906020003F5D1F</key>
		<dict>
			<key>isa</key>
			<string>PBXFileReference</string>
			<key>lastKnownFileType</key>
			<string>sourcecode.swift</string>
			<key>path</key>
			<string>AppDelegate.swift</string>
			<key>sourceTree</key>
			<string>&lt;group&gt;</string>
		</dict>
		<key>87E2F5461C906020003F5D1F</key>
		<dict>
			<key>fileRef</key>
			<string>87E2F5451C906020003F5D1F</string>
			<key>isa</key>
			<string>PBXBuildFile</string>
		</dict>
		<key>87E2F5471C906021003F5D1F</key>
		<dict>
			<key>children</key>
			<array>
				<string>87E2F5481C906021003F5D1F</string>
			</array>
			<key>currentVersion</key>
			<string>87E2F5481C906021003F5D1F</string>
			<key>isa</key>
			<string>XCVersionGroup</string>
			<key>path</key>
			<string>HappyDay.xcdatamodeld</string>
			<key>sourceTree</key>
			<string>&lt;group&gt;</string>
			<key>versionGroupType</key>
			<string>wrapper.xcdatamodel</string>
		</dict>
		<key>87E2F5481C906021003F5D1F</key>
		<dict>
			<key>isa</key>
			<string>PBXFileReference</string>
			<key>lastKnownFileType</key>
			<string>wrapper.xcdatamodel</string>
			<key>path</key>
			<string>HappyDay.xcdatamodel</string>
			<key>sourceTree</key>
			<string>&lt;group&gt;</string>
		</dict>
		<key>87E2F5491C906021003F5D1F</key>
		<dict>
			<key>fileRef</key>
			<string>87E2F5471C906021003F5D1F</string>
			<key>isa</key>
			<string>PBXBuildFile</string>
		</dict>
		<key>87E2F54A1C906021003F5D1F</key>
		<dict>
			<key>isa</key>
			<string>PBXFileReference</string>
			<key>lastKnownFileType</key>
			<string>sourcecode.swift</string>
			<key>path</key>
			<string>TeamViewController.swift</string>
			<key>sourceTree</key>
			<string>&lt;group&gt;</string>
		</dict>
		<key>87E2F54B1C906021003F5D1F</key>
		<dict>
			<key>fileRef</key>
			<string>87E2F54A1C906021003F5D1F</string>
			<key>isa</key>
			<string>PBXBuildFile</string>
		</dict>
		<key>87E2F54C1C906021003F5D1F</key>
		<dict>
			<key>isa</key>
			<string>PBXFileReference</string>
			<key>lastKnownFileType</key>
			<string>sourcecode.swift</string>
			<key>path</key>
			<string>EventViewController.swift</string>
			<key>sourceTree</key>
			<string>&lt;group&gt;</string>
		</dict>
		<key>87E2F54D1C906021003F5D1F</key>
		<dict>
			<key>fileRef</key>
			<string>87E2F54C1C906021003F5D1F</string>
			<key>isa</key>
			<string>PBXBuildFile</string>
		</dict>
		<key>87E2F54E1C906021003F5D1F</key>
		<dict>
			<key>children</key>
			<array>
				<string>87E2F54F1C906021003F5D1F</string>
			</array>
			<key>isa</key>
			<string>PBXVariantGroup</string>
			<key>name</key>
			<string>Main.storyboard</string>
			<key>sourceTree</key>
			<string>&lt;group&gt;</string>
		</dict>
		<key>87E2F54F1C906021003F5D1F</key>
		<dict>
			<key>isa</key>
			<string>PBXFileReference</string>
			<key>lastKnownFileType</key>
			<string>file.storyboard</string>
			<key>name</key>
			<string>Base</string>
			<key>path</key>
			<string>Base.lproj/Main.storyboard</string>
			<key>sourceTree</key>
			<string>&lt;group&gt;</string>
		</dict>
		<key>87E2F5501C906021003F5D1F</key>
		<dict>
			<key>fileRef</key>
			<string>87E2F54E1C906021003F5D1F</string>
			<key>isa</key>
			<string>PBXBuildFile</string>
		</dict>
		<key>87E2F5531C906021003F5D1F</key>
		<dict>
			<key>children</key>
			<array>
				<string>87E2F5541C906021003F5D1F</string>
			</array>
			<key>isa</key>
			<string>PBXVariantGroup</string>
			<key>name</key>
			<string>LaunchScreen.storyboard</string>
			<key>sourceTree</key>
			<string>&lt;group&gt;</string>
		</dict>
		<key>87E2F5541C906021003F5D1F</key>
		<dict>
			<key>isa</key>
			<string>PBXFileReference</string>
			<key>lastKnownFileType</key>
			<string>file.storyboard</string>
			<key>name</key>
			<string>Base</string>
			<key>path</key>
			<string>Base.lproj/LaunchScreen.storyboard</string>
			<key>sourceTree</key>
			<string>&lt;group&gt;</string>
		</dict>
		<key>87E2F5551C906021003F5D1F</key>
		<dict>
			<key>fileRef</key>
			<string>87E2F5531C906021003F5D1F</string>
			<key>isa</key>
			<string>PBXBuildFile</string>
		</dict>
		<key>87E2F5561C906021003F5D1F</key>
		<dict>
			<key>isa</key>
			<string>PBXFileReference</string>
			<key>lastKnownFileType</key>
			<string>text.plist.xml</string>
			<key>path</key>
			<string>Info.plist</string>
			<key>sourceTree</key>
			<string>&lt;group&gt;</string>
		</dict>
		<key>87E2F5571C906021003F5D1F</key>
		<dict>
			<key>buildActionMask</key>
			<string>2147483647</string>
			<key>files</key>
			<array>
				<string>87E2F5601C906021003F5D1F</string>
			</array>
			<key>isa</key>
			<string>PBXSourcesBuildPhase</string>
			<key>runOnlyForDeploymentPostprocessing</key>
			<string>0</string>
		</dict>
		<key>87E2F5581C906021003F5D1F</key>
		<dict>
			<key>buildActionMask</key>
			<string>2147483647</string>
			<key>files</key>
			<array/>
			<key>isa</key>
			<string>PBXFrameworksBuildPhase</string>
			<key>runOnlyForDeploymentPostprocessing</key>
			<string>0</string>
		</dict>
		<key>87E2F5591C906021003F5D1F</key>
		<dict>
			<key>buildActionMask</key>
			<string>2147483647</string>
			<key>files</key>
			<array/>
			<key>isa</key>
			<string>PBXResourcesBuildPhase</string>
			<key>runOnlyForDeploymentPostprocessing</key>
			<string>0</string>
		</dict>
		<key>87E2F55A1C906021003F5D1F</key>
		<dict>
			<key>buildConfigurationList</key>
			<string>87E2F5721C906021003F5D1F</string>
			<key>buildPhases</key>
			<array>
				<string>87E2F5571C906021003F5D1F</string>
				<string>87E2F5581C906021003F5D1F</string>
				<string>87E2F5591C906021003F5D1F</string>
			</array>
			<key>buildRules</key>
			<array/>
			<key>dependencies</key>
			<array>
				<string>87E2F55D1C906021003F5D1F</string>
			</array>
			<key>isa</key>
			<string>PBXNativeTarget</string>
			<key>name</key>
			<string>HappyDayTests</string>
			<key>productName</key>
			<string>HappyDayTests</string>
			<key>productReference</key>
			<string>87E2F55B1C906021003F5D1F</string>
			<key>productType</key>
			<string>com.apple.product-type.bundle.unit-test</string>
		</dict>
		<key>87E2F55B1C906021003F5D1F</key>
		<dict>
			<key>explicitFileType</key>
			<string>wrapper.cfbundle</string>
			<key>includeInIndex</key>
			<string>0</string>
			<key>isa</key>
			<string>PBXFileReference</string>
			<key>path</key>
			<string>HappyDayTests.xctest</string>
			<key>sourceTree</key>
			<string>BUILT_PRODUCTS_DIR</string>
		</dict>
		<key>87E2F55C1C906021003F5D1F</key>
		<dict>
			<key>containerPortal</key>
			<string>87E2F53A1C906020003F5D1F</string>
			<key>isa</key>
			<string>PBXContainerItemProxy</string>
			<key>proxyType</key>
			<string>1</string>
			<key>remoteGlobalIDString</key>
			<string>87E2F5411C906020003F5D1F</string>
			<key>remoteInfo</key>
			<string>HappyDay</string>
		</dict>
		<key>87E2F55D1C906021003F5D1F</key>
		<dict>
			<key>isa</key>
			<string>PBXTargetDependency</string>
			<key>target</key>
			<string>87E2F5411C906020003F5D1F</string>
			<key>targetProxy</key>
			<string>87E2F55C1C906021003F5D1F</string>
		</dict>
		<key>87E2F55E1C906021003F5D1F</key>
		<dict>
			<key>children</key>
			<array>
				<string>87E2F55F1C906021003F5D1F</string>
				<string>87E2F5611C906021003F5D1F</string>
			</array>
			<key>isa</key>
			<string>PBXGroup</string>
			<key>path</key>
			<string>HappyDayTests</string>
			<key>sourceTree</key>
			<string>&lt;group&gt;</string>
		</dict>
		<key>87E2F55F1C906021003F5D1F</key>
		<dict>
			<key>isa</key>
			<string>PBXFileReference</string>
			<key>lastKnownFileType</key>
			<string>sourcecode.swift</string>
			<key>path</key>
			<string>HappyDayTests.swift</string>
			<key>sourceTree</key>
			<string>&lt;group&gt;</string>
		</dict>
		<key>87E2F5601C906021003F5D1F</key>
		<dict>
			<key>fileRef</key>
			<string>87E2F55F1C906021003F5D1F</string>
			<key>isa</key>
			<string>PBXBuildFile</string>
		</dict>
		<key>87E2F5611C906021003F5D1F</key>
		<dict>
			<key>isa</key>
			<string>PBXFileReference</string>
			<key>lastKnownFileType</key>
			<string>text.plist.xml</string>
			<key>path</key>
			<string>Info.plist</string>
			<key>sourceTree</key>
			<string>&lt;group&gt;</string>
		</dict>
		<key>87E2F5621C906021003F5D1F</key>
		<dict>
			<key>buildActionMask</key>
			<string>2147483647</string>
			<key>files</key>
			<array>
				<string>87E2F56B1C906021003F5D1F</string>
			</array>
			<key>isa</key>
			<string>PBXSourcesBuildPhase</string>
			<key>runOnlyForDeploymentPostprocessing</key>
			<string>0</string>
		</dict>
		<key>87E2F5631C906021003F5D1F</key>
		<dict>
			<key>buildActionMask</key>
			<string>2147483647</string>
			<key>files</key>
			<array/>
			<key>isa</key>
			<string>PBXFrameworksBuildPhase</string>
			<key>runOnlyForDeploymentPostprocessing</key>
			<string>0</string>
		</dict>
		<key>87E2F5641C906021003F5D1F</key>
		<dict>
			<key>buildActionMask</key>
			<string>2147483647</string>
			<key>files</key>
			<array/>
			<key>isa</key>
			<string>PBXResourcesBuildPhase</string>
			<key>runOnlyForDeploymentPostprocessing</key>
			<string>0</string>
		</dict>
		<key>87E2F5651C906021003F5D1F</key>
		<dict>
			<key>buildConfigurationList</key>
			<string>87E2F5751C906021003F5D1F</string>
			<key>buildPhases</key>
			<array>
				<string>87E2F5621C906021003F5D1F</string>
				<string>87E2F5631C906021003F5D1F</string>
				<string>87E2F5641C906021003F5D1F</string>
			</array>
			<key>buildRules</key>
			<array/>
			<key>dependencies</key>
			<array>
				<string>87E2F5681C906021003F5D1F</string>
			</array>
			<key>isa</key>
			<string>PBXNativeTarget</string>
			<key>name</key>
			<string>HappyDayUITests</string>
			<key>productName</key>
			<string>HappyDayUITests</string>
			<key>productReference</key>
			<string>87E2F5661C906021003F5D1F</string>
			<key>productType</key>
			<string>com.apple.product-type.bundle.ui-testing</string>
		</dict>
		<key>87E2F5661C906021003F5D1F</key>
		<dict>
			<key>explicitFileType</key>
			<string>wrapper.cfbundle</string>
			<key>includeInIndex</key>
			<string>0</string>
			<key>isa</key>
			<string>PBXFileReference</string>
			<key>path</key>
			<string>HappyDayUITests.xctest</string>
			<key>sourceTree</key>
			<string>BUILT_PRODUCTS_DIR</string>
		</dict>
		<key>87E2F5671C906021003F5D1F</key>
		<dict>
			<key>containerPortal</key>
			<string>87E2F53A1C906020003F5D1F</string>
			<key>isa</key>
			<string>PBXContainerItemProxy</string>
			<key>proxyType</key>
			<string>1</string>
			<key>remoteGlobalIDString</key>
			<string>87E2F5411C906020003F5D1F</string>
			<key>remoteInfo</key>
			<string>HappyDay</string>
		</dict>
		<key>87E2F5681C906021003F5D1F</key>
		<dict>
			<key>isa</key>
			<string>PBXTargetDependency</string>
			<key>target</key>
			<string>87E2F5411C906020003F5D1F</string>
			<key>targetProxy</key>
			<string>87E2F5671C906021003F5D1F</string>
		</dict>
		<key>87E2F5691C906021003F5D1F</key>
		<dict>
			<key>children</key>
			<array>
				<string>87E2F56A1C906021003F5D1F</string>
				<string>87E2F56C1C906021003F5D1F</string>
			</array>
			<key>isa</key>
			<string>PBXGroup</string>
			<key>path</key>
			<string>HappyDayUITests</string>
			<key>sourceTree</key>
			<string>&lt;group&gt;</string>
		</dict>
		<key>87E2F56A1C906021003F5D1F</key>
		<dict>
			<key>isa</key>
			<string>PBXFileReference</string>
			<key>lastKnownFileType</key>
			<string>sourcecode.swift</string>
			<key>path</key>
			<string>HappyDayUITests.swift</string>
			<key>sourceTree</key>
			<string>&lt;group&gt;</string>
		</dict>
		<key>87E2F56B1C906021003F5D1F</key>
		<dict>
			<key>fileRef</key>
			<string>87E2F56A1C906021003F5D1F</string>
			<key>isa</key>
			<string>PBXBuildFile</string>
		</dict>
		<key>87E2F56C1C906021003F5D1F</key>
		<dict>
			<key>isa</key>
			<string>PBXFileReference</string>
			<key>lastKnownFileType</key>
			<string>text.plist.xml</string>
			<key>path</key>
			<string>Info.plist</string>
			<key>sourceTree</key>
			<string>&lt;group&gt;</string>
		</dict>
		<key>87E2F56D1C906021003F5D1F</key>
		<dict>
			<key>buildSettings</key>
			<dict>
				<key>ALWAYS_SEARCH_USER_PATHS</key>
				<string>NO</string>
				<key>CLANG_CXX_LANGUAGE_STANDARD</key>
				<string>gnu++0x</string>
				<key>CLANG_CXX_LIBRARY</key>
				<string>libc++</string>
				<key>CLANG_ENABLE_MODULES</key>
				<string>YES</string>
				<key>CLANG_ENABLE_OBJC_ARC</key>
				<string>YES</string>
				<key>CLANG_WARN_BOOL_CONVERSION</key>
				<string>YES</string>
				<key>CLANG_WARN_CONSTANT_CONVERSION</key>
				<string>YES</string>
				<key>CLANG_WARN_DIRECT_OBJC_ISA_USAGE</key>
				<string>YES_ERROR</string>
				<key>CLANG_WARN_EMPTY_BODY</key>
				<string>YES</string>
				<key>CLANG_WARN_ENUM_CONVERSION</key>
				<string>YES</string>
				<key>CLANG_WARN_INT_CONVERSION</key>
				<string>YES</string>
				<key>CLANG_WARN_OBJC_ROOT_CLASS</key>
				<string>YES_ERROR</string>
				<key>CLANG_WARN_UNREACHABLE_CODE</key>
				<string>YES</string>
				<key>CLANG_WARN__DUPLICATE_METHOD_MATCH</key>
				<string>YES</string>
				<key>CODE_SIGN_IDENTITY[sdk=iphoneos*]</key>
				<string>iPhone Developer</string>
				<key>COPY_PHASE_STRIP</key>
				<string>NO</string>
				<key>DEBUG_INFORMATION_FORMAT</key>
				<string>dwarf</string>
				<key>ENABLE_STRICT_OBJC_MSGSEND</key>
				<string>YES</string>
				<key>ENABLE_TESTABILITY</key>
				<string>YES</string>
				<key>GCC_C_LANGUAGE_STANDARD</key>
				<string>gnu99</string>
				<key>GCC_DYNAMIC_NO_PIC</key>
				<string>NO</string>
				<key>GCC_NO_COMMON_BLOCKS</key>
				<string>YES</string>
				<key>GCC_OPTIMIZATION_LEVEL</key>
				<string>0</string>
				<key>GCC_PREPROCESSOR_DEFINITIONS</key>
				<array>
					<string>DEBUG=1</string>
					<string>$(inherited)</string>
				</array>
				<key>GCC_WARN_64_TO_32_BIT_CONVERSION</key>
				<string>YES</string>
				<key>GCC_WARN_ABOUT_RETURN_TYPE</key>
				<string>YES_ERROR</string>
				<key>GCC_WARN_UNDECLARED_SELECTOR</key>
				<string>YES</string>
				<key>GCC_WARN_UNINITIALIZED_AUTOS</key>
				<string>YES_AGGRESSIVE</string>
				<key>GCC_WARN_UNUSED_FUNCTION</key>
				<string>YES</string>
				<key>GCC_WARN_UNUSED_VARIABLE</key>
				<string>YES</string>
				<key>IPHONEOS_DEPLOYMENT_TARGET</key>
				<string>9.2</string>
				<key>MTL_ENABLE_DEBUG_INFO</key>
				<string>YES</string>
				<key>ONLY_ACTIVE_ARCH</key>
				<string>YES</string>
				<key>SDKROOT</key>
				<string>iphoneos</string>
				<key>SWIFT_OPTIMIZATION_LEVEL</key>
				<string>-Onone</string>
				<key>TARGETED_DEVICE_FAMILY</key>
				<string>1,2</string>
			</dict>
			<key>isa</key>
			<string>XCBuildConfiguration</string>
			<key>name</key>
			<string>Debug</string>
		</dict>
		<key>87E2F56E1C906021003F5D1F</key>
		<dict>
			<key>buildSettings</key>
			<dict>
				<key>ALWAYS_SEARCH_USER_PATHS</key>
				<string>NO</string>
				<key>CLANG_CXX_LANGUAGE_STANDARD</key>
				<string>gnu++0x</string>
				<key>CLANG_CXX_LIBRARY</key>
				<string>libc++</string>
				<key>CLANG_ENABLE_MODULES</key>
				<string>YES</string>
				<key>CLANG_ENABLE_OBJC_ARC</key>
				<string>YES</string>
				<key>CLANG_WARN_BOOL_CONVERSION</key>
				<string>YES</string>
				<key>CLANG_WARN_CONSTANT_CONVERSION</key>
				<string>YES</string>
				<key>CLANG_WARN_DIRECT_OBJC_ISA_USAGE</key>
				<string>YES_ERROR</string>
				<key>CLANG_WARN_EMPTY_BODY</key>
				<string>YES</string>
				<key>CLANG_WARN_ENUM_CONVERSION</key>
				<string>YES</string>
				<key>CLANG_WARN_INT_CONVERSION</key>
				<string>YES</string>
				<key>CLANG_WARN_OBJC_ROOT_CLASS</key>
				<string>YES_ERROR</string>
				<key>CLANG_WARN_UNREACHABLE_CODE</key>
				<string>YES</string>
				<key>CLANG_WARN__DUPLICATE_METHOD_MATCH</key>
				<string>YES</string>
				<key>CODE_SIGN_IDENTITY[sdk=iphoneos*]</key>
				<string>iPhone Developer</string>
				<key>COPY_PHASE_STRIP</key>
				<string>NO</string>
				<key>DEBUG_INFORMATION_FORMAT</key>
				<string>dwarf-with-dsym</string>
				<key>ENABLE_NS_ASSERTIONS</key>
				<string>NO</string>
				<key>ENABLE_STRICT_OBJC_MSGSEND</key>
				<string>YES</string>
				<key>GCC_C_LANGUAGE_STANDARD</key>
				<string>gnu99</string>
				<key>GCC_NO_COMMON_BLOCKS</key>
				<string>YES</string>
				<key>GCC_WARN_64_TO_32_BIT_CONVERSION</key>
				<string>YES</string>
				<key>GCC_WARN_ABOUT_RETURN_TYPE</key>
				<string>YES_ERROR</string>
				<key>GCC_WARN_UNDECLARED_SELECTOR</key>
				<string>YES</string>
				<key>GCC_WARN_UNINITIALIZED_AUTOS</key>
				<string>YES_AGGRESSIVE</string>
				<key>GCC_WARN_UNUSED_FUNCTION</key>
				<string>YES</string>
				<key>GCC_WARN_UNUSED_VARIABLE</key>
				<string>YES</string>
				<key>IPHONEOS_DEPLOYMENT_TARGET</key>
				<string>9.2</string>
				<key>MTL_ENABLE_DEBUG_INFO</key>
				<string>NO</string>
				<key>SDKROOT</key>
				<string>iphoneos</string>
				<key>TARGETED_DEVICE_FAMILY</key>
				<string>1,2</string>
				<key>VALIDATE_PRODUCT</key>
				<string>YES</string>
			</dict>
			<key>isa</key>
			<string>XCBuildConfiguration</string>
			<key>name</key>
			<string>Release</string>
		</dict>
		<key>87E2F56F1C906021003F5D1F</key>
		<dict>
			<key>buildConfigurations</key>
			<array>
				<string>87E2F5701C906021003F5D1F</string>
				<string>87E2F5711C906021003F5D1F</string>
			</array>
			<key>defaultConfigurationIsVisible</key>
			<string>0</string>
			<key>defaultConfigurationName</key>
			<string>Release</string>
			<key>isa</key>
			<string>XCConfigurationList</string>
		</dict>
		<key>87E2F5701C906021003F5D1F</key>
		<dict>
			<key>baseConfigurationReference</key>
			<string>1D9F7D0C5ED12D4849298E36</string>
			<key>buildSettings</key>
			<dict>
				<key>ASSETCATALOG_COMPILER_APPICON_NAME</key>
				<string>AppIcon</string>
				<key>CODE_SIGN_ENTITLEMENTS</key>
				<string>HappyDay/HappyDay.entitlements</string>
				<key>CODE_SIGN_IDENTITY</key>
				<string>iPhone Developer</string>
				<key>CODE_SIGN_IDENTITY[sdk=iphoneos*]</key>
				<string>iPhone Developer</string>
				<key>INFOPLIST_FILE</key>
				<string>HappyDay/Info.plist</string>
				<key>LD_RUNPATH_SEARCH_PATHS</key>
				<string>$(inherited) @executable_path/Frameworks</string>
				<key>PRODUCT_BUNDLE_IDENTIFIER</key>
				<string>com.mendelu.HappyDaysApp</string>
				<key>PRODUCT_NAME</key>
				<string>$(TARGET_NAME)</string>
				<key>PROVISIONING_PROFILE</key>
				<string></string>
			</dict>
			<key>isa</key>
			<string>XCBuildConfiguration</string>
			<key>name</key>
			<string>Debug</string>
		</dict>
		<key>87E2F5711C906021003F5D1F</key>
		<dict>
			<key>baseConfigurationReference</key>
			<string>0A2540E49B14449007554396</string>
			<key>buildSettings</key>
			<dict>
				<key>ASSETCATALOG_COMPILER_APPICON_NAME</key>
				<string>AppIcon</string>
				<key>CODE_SIGN_ENTITLEMENTS</key>
				<string>HappyDay/HappyDay.entitlements</string>
				<key>CODE_SIGN_IDENTITY</key>
				<string>iPhone Developer</string>
				<key>CODE_SIGN_IDENTITY[sdk=iphoneos*]</key>
				<string>iPhone Developer</string>
				<key>INFOPLIST_FILE</key>
				<string>HappyDay/Info.plist</string>
				<key>LD_RUNPATH_SEARCH_PATHS</key>
				<string>$(inherited) @executable_path/Frameworks</string>
				<key>PRODUCT_BUNDLE_IDENTIFIER</key>
				<string>com.mendelu.HappyDaysApp</string>
				<key>PRODUCT_NAME</key>
				<string>$(TARGET_NAME)</string>
				<key>PROVISIONING_PROFILE</key>
				<string></string>
			</dict>
			<key>isa</key>
			<string>XCBuildConfiguration</string>
			<key>name</key>
			<string>Release</string>
		</dict>
		<key>87E2F5721C906021003F5D1F</key>
		<dict>
			<key>buildConfigurations</key>
			<array>
				<string>87E2F5731C906021003F5D1F</string>
				<string>87E2F5741C906021003F5D1F</string>
			</array>
			<key>defaultConfigurationIsVisible</key>
			<string>0</string>
			<key>defaultConfigurationName</key>
			<string>Release</string>
			<key>isa</key>
			<string>XCConfigurationList</string>
		</dict>
		<key>87E2F5731C906021003F5D1F</key>
		<dict>
			<key>buildSettings</key>
			<dict>
				<key>BUNDLE_LOADER</key>
				<string>$(TEST_HOST)</string>
				<key>INFOPLIST_FILE</key>
				<string>HappyDayTests/Info.plist</string>
				<key>LD_RUNPATH_SEARCH_PATHS</key>
				<string>$(inherited) @executable_path/Frameworks @loader_path/Frameworks</string>
				<key>PRODUCT_BUNDLE_IDENTIFIER</key>
				<string>com.mendelu.HappyDayTests</string>
				<key>PRODUCT_NAME</key>
				<string>$(TARGET_NAME)</string>
				<key>TEST_HOST</key>
				<string>$(BUILT_PRODUCTS_DIR)/HappyDay.app/HappyDay</string>
			</dict>
			<key>isa</key>
			<string>XCBuildConfiguration</string>
			<key>name</key>
			<string>Debug</string>
		</dict>
		<key>87E2F5741C906021003F5D1F</key>
		<dict>
			<key>buildSettings</key>
			<dict>
				<key>BUNDLE_LOADER</key>
				<string>$(TEST_HOST)</string>
				<key>INFOPLIST_FILE</key>
				<string>HappyDayTests/Info.plist</string>
				<key>LD_RUNPATH_SEARCH_PATHS</key>
				<string>$(inherited) @executable_path/Frameworks @loader_path/Frameworks</string>
				<key>PRODUCT_BUNDLE_IDENTIFIER</key>
				<string>com.mendelu.HappyDayTests</string>
				<key>PRODUCT_NAME</key>
				<string>$(TARGET_NAME)</string>
				<key>TEST_HOST</key>
				<string>$(BUILT_PRODUCTS_DIR)/HappyDay.app/HappyDay</string>
			</dict>
			<key>isa</key>
			<string>XCBuildConfiguration</string>
			<key>name</key>
			<string>Release</string>
		</dict>
		<key>87E2F5751C906021003F5D1F</key>
		<dict>
			<key>buildConfigurations</key>
			<array>
				<string>87E2F5761C906021003F5D1F</string>
				<string>87E2F5771C906021003F5D1F</string>
			</array>
			<key>defaultConfigurationIsVisible</key>
			<string>0</string>
			<key>defaultConfigurationName</key>
			<string>Release</string>
			<key>isa</key>
			<string>XCConfigurationList</string>
		</dict>
		<key>87E2F5761C906021003F5D1F</key>
		<dict>
			<key>buildSettings</key>
			<dict>
				<key>INFOPLIST_FILE</key>
				<string>HappyDayUITests/Info.plist</string>
				<key>LD_RUNPATH_SEARCH_PATHS</key>
				<string>$(inherited) @executable_path/Frameworks @loader_path/Frameworks</string>
				<key>PRODUCT_BUNDLE_IDENTIFIER</key>
				<string>com.mendelu.HappyDayUITests</string>
				<key>PRODUCT_NAME</key>
				<string>$(TARGET_NAME)</string>
				<key>TEST_TARGET_NAME</key>
				<string>HappyDay</string>
				<key>USES_XCTRUNNER</key>
				<string>YES</string>
			</dict>
			<key>isa</key>
			<string>XCBuildConfiguration</string>
			<key>name</key>
			<string>Debug</string>
		</dict>
		<key>87E2F5771C906021003F5D1F</key>
		<dict>
			<key>buildSettings</key>
			<dict>
				<key>INFOPLIST_FILE</key>
				<string>HappyDayUITests/Info.plist</string>
				<key>LD_RUNPATH_SEARCH_PATHS</key>
				<string>$(inherited) @executable_path/Frameworks @loader_path/Frameworks</string>
				<key>PRODUCT_BUNDLE_IDENTIFIER</key>
				<string>com.mendelu.HappyDayUITests</string>
				<key>PRODUCT_NAME</key>
				<string>$(TARGET_NAME)</string>
				<key>TEST_TARGET_NAME</key>
				<string>HappyDay</string>
				<key>USES_XCTRUNNER</key>
				<string>YES</string>
			</dict>
			<key>isa</key>
			<string>XCBuildConfiguration</string>
			<key>name</key>
			<string>Release</string>
		</dict>
		<key>87E2F5781C908B54003F5D1F</key>
		<dict>
			<key>fileEncoding</key>
			<string>4</string>
			<key>isa</key>
			<string>PBXFileReference</string>
			<key>lastKnownFileType</key>
			<string>sourcecode.swift</string>
			<key>path</key>
			<string>TeamTableViewCell.swift</string>
			<key>sourceTree</key>
			<string>&lt;group&gt;</string>
		</dict>
		<key>87E2F5791C908B54003F5D1F</key>
		<dict>
			<key>fileRef</key>
			<string>87E2F5781C908B54003F5D1F</string>
			<key>isa</key>
			<string>PBXBuildFile</string>
		</dict>
		<key>87E2F57A1C9094C9003F5D1F</key>
		<dict>
			<key>isa</key>
			<string>PBXFileReference</string>
			<key>lastKnownFileType</key>
			<string>folder.assetcatalog</string>
			<key>path</key>
			<string>Assets.xcassets</string>
			<key>sourceTree</key>
			<string>&lt;group&gt;</string>
		</dict>
		<key>87E2F57B1C9094C9003F5D1F</key>
		<dict>
			<key>fileRef</key>
			<string>87E2F57A1C9094C9003F5D1F</string>
			<key>isa</key>
			<string>PBXBuildFile</string>
		</dict>
		<key>87E2F57C1C9094DD003F5D1F</key>
		<dict>
			<key>children</key>
			<array>
				<string>87E2F54A1C906021003F5D1F</string>
				<string>87E2F57E1C90A4A3003F5D1F</string>
				<string>8796EC941C9FCD55005C84DA</string>
				<string>87E2F5781C908B54003F5D1F</string>
				<string>87E2F5881C90DE10003F5D1F</string>
				<string>87E2F5891C90DE10003F5D1F</string>
			</array>
			<key>isa</key>
			<string>PBXGroup</string>
			<key>name</key>
			<string>Teams</string>
			<key>sourceTree</key>
			<string>&lt;group&gt;</string>
		</dict>
		<key>87E2F57D1C90A323003F5D1F</key>
		<dict>
			<key>children</key>
			<array>
				<string>87E2F5801C90C348003F5D1F</string>
				<string>87E2F5841C90CBD6003F5D1F</string>
				<string>87E2F5821C90C53F003F5D1F</string>
				<string>87E2F5861C90DE10003F5D1F</string>
				<string>87E2F5871C90DE10003F5D1F</string>
				<string>87DC48481CAD9C8A00894051</string>
			</array>
			<key>isa</key>
			<string>PBXGroup</string>
			<key>name</key>
			<string>Persons</string>
			<key>sourceTree</key>
			<string>&lt;group&gt;</string>
		</dict>
		<key>87E2F57E1C90A4A3003F5D1F</key>
		<dict>
			<key>fileEncoding</key>
			<string>4</string>
			<key>isa</key>
			<string>PBXFileReference</string>
			<key>lastKnownFileType</key>
			<string>sourcecode.swift</string>
			<key>path</key>
			<string>NewTeamViewController.swift</string>
			<key>sourceTree</key>
			<string>&lt;group&gt;</string>
		</dict>
		<key>87E2F57F1C90A4A3003F5D1F</key>
		<dict>
			<key>fileRef</key>
			<string>87E2F57E1C90A4A3003F5D1F</string>
			<key>isa</key>
			<string>PBXBuildFile</string>
		</dict>
		<key>87E2F5801C90C348003F5D1F</key>
		<dict>
			<key>fileEncoding</key>
			<string>4</string>
			<key>isa</key>
			<string>PBXFileReference</string>
			<key>lastKnownFileType</key>
			<string>sourcecode.swift</string>
			<key>path</key>
			<string>PersonsTableViewController.swift</string>
			<key>sourceTree</key>
			<string>&lt;group&gt;</string>
		</dict>
		<key>87E2F5811C90C348003F5D1F</key>
		<dict>
			<key>fileRef</key>
			<string>87E2F5801C90C348003F5D1F</string>
			<key>isa</key>
			<string>PBXBuildFile</string>
		</dict>
		<key>87E2F5821C90C53F003F5D1F</key>
		<dict>
			<key>fileEncoding</key>
			<string>4</string>
			<key>isa</key>
			<string>PBXFileReference</string>
			<key>lastKnownFileType</key>
			<string>sourcecode.swift</string>
			<key>path</key>
			<string>PersonTableViewCell.swift</string>
			<key>sourceTree</key>
			<string>&lt;group&gt;</string>
		</dict>
		<key>87E2F5831C90C53F003F5D1F</key>
		<dict>
			<key>fileRef</key>
			<string>87E2F5821C90C53F003F5D1F</string>
			<key>isa</key>
			<string>PBXBuildFile</string>
		</dict>
		<key>87E2F5841C90CBD6003F5D1F</key>
		<dict>
			<key>fileEncoding</key>
			<string>4</string>
			<key>isa</key>
			<string>PBXFileReference</string>
			<key>lastKnownFileType</key>
			<string>sourcecode.swift</string>
			<key>path</key>
			<string>NewPersonViewController.swift</string>
			<key>sourceTree</key>
			<string>&lt;group&gt;</string>
		</dict>
		<key>87E2F5851C90CBD6003F5D1F</key>
		<dict>
			<key>fileRef</key>
			<string>87E2F5841C90CBD6003F5D1F</string>
			<key>isa</key>
			<string>PBXBuildFile</string>
		</dict>
		<key>87E2F5861C90DE10003F5D1F</key>
		<dict>
			<key>fileEncoding</key>
			<string>4</string>
			<key>isa</key>
			<string>PBXFileReference</string>
			<key>lastKnownFileType</key>
			<string>sourcecode.swift</string>
			<key>path</key>
			<string>Person+CoreDataProperties.swift</string>
			<key>sourceTree</key>
			<string>&lt;group&gt;</string>
		</dict>
		<key>87E2F5871C90DE10003F5D1F</key>
		<dict>
			<key>fileEncoding</key>
			<string>4</string>
			<key>isa</key>
			<string>PBXFileReference</string>
			<key>lastKnownFileType</key>
			<string>sourcecode.swift</string>
			<key>path</key>
			<string>Person.swift</string>
			<key>sourceTree</key>
			<string>&lt;group&gt;</string>
		</dict>
		<key>87E2F5881C90DE10003F5D1F</key>
		<dict>
			<key>fileEncoding</key>
			<string>4</string>
			<key>isa</key>
			<string>PBXFileReference</string>
			<key>lastKnownFileType</key>
			<string>sourcecode.swift</string>
			<key>path</key>
			<string>Team+CoreDataProperties.swift</string>
			<key>sourceTree</key>
			<string>&lt;group&gt;</string>
		</dict>
		<key>87E2F5891C90DE10003F5D1F</key>
		<dict>
			<key>fileEncoding</key>
			<string>4</string>
			<key>isa</key>
			<string>PBXFileReference</string>
			<key>lastKnownFileType</key>
			<string>sourcecode.swift</string>
			<key>path</key>
			<string>Team.swift</string>
			<key>sourceTree</key>
			<string>&lt;group&gt;</string>
		</dict>
		<key>87E2F58A1C90DE10003F5D1F</key>
		<dict>
			<key>fileEncoding</key>
			<string>4</string>
			<key>isa</key>
			<string>PBXFileReference</string>
			<key>lastKnownFileType</key>
			<string>sourcecode.swift</string>
			<key>path</key>
			<string>Event+CoreDataProperties.swift</string>
			<key>sourceTree</key>
			<string>&lt;group&gt;</string>
		</dict>
		<key>87E2F58B1C90DE10003F5D1F</key>
		<dict>
			<key>fileEncoding</key>
			<string>4</string>
			<key>isa</key>
			<string>PBXFileReference</string>
			<key>lastKnownFileType</key>
			<string>sourcecode.swift</string>
			<key>path</key>
			<string>Event.swift</string>
			<key>sourceTree</key>
			<string>&lt;group&gt;</string>
		</dict>
		<key>87E2F58C1C90DE10003F5D1F</key>
		<dict>
			<key>fileRef</key>
			<string>87E2F5861C90DE10003F5D1F</string>
			<key>isa</key>
			<string>PBXBuildFile</string>
		</dict>
		<key>87E2F58D1C90DE10003F5D1F</key>
		<dict>
			<key>fileRef</key>
			<string>87E2F5871C90DE10003F5D1F</string>
			<key>isa</key>
			<string>PBXBuildFile</string>
		</dict>
		<key>87E2F58E1C90DE10003F5D1F</key>
		<dict>
			<key>fileRef</key>
			<string>87E2F5881C90DE10003F5D1F</string>
			<key>isa</key>
			<string>PBXBuildFile</string>
		</dict>
		<key>87E2F58F1C90DE10003F5D1F</key>
		<dict>
			<key>fileRef</key>
			<string>87E2F5891C90DE10003F5D1F</string>
			<key>isa</key>
			<string>PBXBuildFile</string>
		</dict>
		<key>87E2F5901C90DE10003F5D1F</key>
		<dict>
			<key>fileRef</key>
			<string>87E2F58A1C90DE10003F5D1F</string>
			<key>isa</key>
			<string>PBXBuildFile</string>
		</dict>
		<key>87E2F5911C90DE10003F5D1F</key>
		<dict>
			<key>fileRef</key>
			<string>87E2F58B1C90DE10003F5D1F</string>
			<key>isa</key>
			<string>PBXBuildFile</string>
		</dict>
		<key>97FA3F9C7E41FF595D2268F0</key>
		<dict>
			<key>explicitFileType</key>
			<string>wrapper.framework</string>
			<key>includeInIndex</key>
			<string>0</string>
			<key>isa</key>
			<string>PBXFileReference</string>
			<key>path</key>
			<string>Pods.framework</string>
			<key>sourceTree</key>
			<string>BUILT_PRODUCTS_DIR</string>
		</dict>
		<key>C41C83EF7C35C82879039B21</key>
		<dict>
			<key>buildActionMask</key>
			<string>2147483647</string>
			<key>files</key>
			<array/>
			<key>inputPaths</key>
			<array/>
			<key>isa</key>
			<string>PBXShellScriptBuildPhase</string>
			<key>name</key>
			<string>Embed Pods Frameworks</string>
			<key>outputPaths</key>
			<array/>
			<key>runOnlyForDeploymentPostprocessing</key>
			<string>0</string>
			<key>shellPath</key>
			<string>/bin/sh</string>
			<key>shellScript</key>
			<string>"${SRCROOT}/Pods/Target Support Files/Pods/Pods-frameworks.sh"
</string>
			<key>showEnvVarsInLog</key>
			<string>0</string>
		</dict>
		<key>F628C2396FAF1F30E72B396D</key>
		<dict>
			<key>fileRef</key>
			<string>97FA3F9C7E41FF595D2268F0</string>
			<key>isa</key>
			<string>PBXBuildFile</string>
		</dict>
	</dict>
	<key>rootObject</key>
	<string>87E2F53A1C906020003F5D1F</string>
</dict>
</plist>
